
Microsoft Visual Studio Solution File, Format Version 12.00
# Visual Studio Version 16
VisualStudioVersion = 16.0.29613.14
MinimumVisualStudioVersion = 10.0.40219.1
Project("{8BC9CEB8-8B4A-11D0-8D11-00A0C91BC942}") = "Depth First traversals", "Depth First traversals\Depth First traversals.vcxproj", "{ADC5DCB4-E877-453A-87D6-4BDF79A2ADCF}"
EndProject
Project("{8BC9CEB8-8B4A-11D0-8D11-00A0C91BC942}") = "Breadth First traversal", "Breadth First traversal\Breadth First traversal.vcxproj", "{06DB54D6-1011-4685-AB4C-5652F89791D2}"
EndProject
Project("{8BC9CEB8-8B4A-11D0-8D11-00A0C91BC942}") = "Diameter of a Binary Tree", "Diameter of a Binary Tree\Diameter of a Binary Tree.vcxproj", "{DD13D540-B02C-4924-A74A-4A3192F8A0D1}"
EndProject
Project("{8BC9CEB8-8B4A-11D0-8D11-00A0C91BC942}") = "Inorder Tree Traversal without Recursion", "Inorder Tree Traversal without Recursion\Inorder Tree Traversal without Recursion.vcxproj", "{581B55AC-7D75-4041-BAEF-054677802460}"
EndProject
Project("{8BC9CEB8-8B4A-11D0-8D11-00A0C91BC942}") = "Morris Inorder Traversal of Binary Tree", "Morris Inorder Traversal of Binary Tree\Morris Inorder Traversal of Binary Tree.vcxproj", "{221A18CE-AD55-4499-8F11-C8BE8C3884B7}"
EndProject
Project("{8BC9CEB8-8B4A-11D0-8D11-00A0C91BC942}") = "Maximum Depth or Height of a Tree", "Maximum Depth or Height of a Tree\Maximum Depth or Height of a Tree.vcxproj", "{8BDE6E55-9792-4566-9A49-9F5B19FF0F27}"
EndProject
Global
	GlobalSection(SolutionConfigurationPlatforms) = preSolution
		Debug|x64 = Debug|x64
		Debug|x86 = Debug|x86
		Release|x64 = Release|x64
		Release|x86 = Release|x86
	EndGlobalSection
	GlobalSection(ProjectConfigurationPlatforms) = postSolution
		{ADC5DCB4-E877-453A-87D6-4BDF79A2ADCF}.Debug|x64.ActiveCfg = Debug|x64
		{ADC5DCB4-E877-453A-87D6-4BDF79A2ADCF}.Debug|x64.Build.0 = Debug|x64
		{ADC5DCB4-E877-453A-87D6-4BDF79A2ADCF}.Debug|x86.ActiveCfg = Debug|Win32
		{ADC5DCB4-E877-453A-87D6-4BDF79A2ADCF}.Debug|x86.Build.0 = Debug|Win32
		{ADC5DCB4-E877-453A-87D6-4BDF79A2ADCF}.Release|x64.ActiveCfg = Release|x64
		{ADC5DCB4-E877-453A-87D6-4BDF79A2ADCF}.Release|x64.Build.0 = Release|x64
		{ADC5DCB4-E877-453A-87D6-4BDF79A2ADCF}.Release|x86.ActiveCfg = Release|Win32
		{ADC5DCB4-E877-453A-87D6-4BDF79A2ADCF}.Release|x86.Build.0 = Release|Win32
		{06DB54D6-1011-4685-AB4C-5652F89791D2}.Debug|x64.ActiveCfg = Debug|x64
		{06DB54D6-1011-4685-AB4C-5652F89791D2}.Debug|x64.Build.0 = Debug|x64
		{06DB54D6-1011-4685-AB4C-5652F89791D2}.Debug|x86.ActiveCfg = Debug|Win32
		{06DB54D6-1011-4685-AB4C-5652F89791D2}.Debug|x86.Build.0 = Debug|Win32
		{06DB54D6-1011-4685-AB4C-5652F89791D2}.Release|x64.ActiveCfg = Release|x64
		{06DB54D6-1011-4685-AB4C-5652F89791D2}.Release|x64.Build.0 = Release|x64
		{06DB54D6-1011-4685-AB4C-5652F89791D2}.Release|x86.ActiveCfg = Release|Win32
		{06DB54D6-1011-4685-AB4C-5652F89791D2}.Release|x86.Build.0 = Release|Win32
		{DD13D540-B02C-4924-A74A-4A3192F8A0D1}.Debug|x64.ActiveCfg = Debug|x64
		{DD13D540-B02C-4924-A74A-4A3192F8A0D1}.Debug|x64.Build.0 = Debug|x64
		{DD13D540-B02C-4924-A74A-4A3192F8A0D1}.Debug|x86.ActiveCfg = Debug|Win32
		{DD13D540-B02C-4924-A74A-4A3192F8A0D1}.Debug|x86.Build.0 = Debug|Win32
		{DD13D540-B02C-4924-A74A-4A3192F8A0D1}.Release|x64.ActiveCfg = Release|x64
		{DD13D540-B02C-4924-A74A-4A3192F8A0D1}.Release|x64.Build.0 = Release|x64
		{DD13D540-B02C-4924-A74A-4A3192F8A0D1}.Release|x86.ActiveCfg = Release|Win32
		{DD13D540-B02C-4924-A74A-4A3192F8A0D1}.Release|x86.Build.0 = Release|Win32
		{581B55AC-7D75-4041-BAEF-054677802460}.Debug|x64.ActiveCfg = Debug|x64
		{581B55AC-7D75-4041-BAEF-054677802460}.Debug|x64.Build.0 = Debug|x64
		{581B55AC-7D75-4041-BAEF-054677802460}.Debug|x86.ActiveCfg = Debug|Win32
		{581B55AC-7D75-4041-BAEF-054677802460}.Debug|x86.Build.0 = Debug|Win32
		{581B55AC-7D75-4041-BAEF-054677802460}.Release|x64.ActiveCfg = Release|x64
		{581B55AC-7D75-4041-BAEF-054677802460}.Release|x64.Build.0 = Release|x64
		{581B55AC-7D75-4041-BAEF-054677802460}.Release|x86.ActiveCfg = Release|Win32
		{581B55AC-7D75-4041-BAEF-054677802460}.Release|x86.Build.0 = Release|Win32
		{221A18CE-AD55-4499-8F11-C8BE8C3884B7}.Debug|x64.ActiveCfg = Debug|x64
		{221A18CE-AD55-4499-8F11-C8BE8C3884B7}.Debug|x64.Build.0 = Debug|x64
		{221A18CE-AD55-4499-8F11-C8BE8C3884B7}.Debug|x86.ActiveCfg = Debug|Win32
		{221A18CE-AD55-4499-8F11-C8BE8C3884B7}.Debug|x86.Build.0 = Debug|Win32
		{221A18CE-AD55-4499-8F11-C8BE8C3884B7}.Release|x64.ActiveCfg = Release|x64
		{221A18CE-AD55-4499-8F11-C8BE8C3884B7}.Release|x64.Build.0 = Release|x64
		{221A18CE-AD55-4499-8F11-C8BE8C3884B7}.Release|x86.ActiveCfg = Release|Win32
		{221A18CE-AD55-4499-8F11-C8BE8C3884B7}.Release|x86.Build.0 = Release|Win32
		{8BDE6E55-9792-4566-9A49-9F5B19FF0F27}.Debug|x64.ActiveCfg = Debug|x64
		{8BDE6E55-9792-4566-9A49-9F5B19FF0F27}.Debug|x64.Build.0 = Debug|x64
		{8BDE6E55-9792-4566-9A49-9F5B19FF0F27}.Debug|x86.ActiveCfg = Debug|Win32
		{8BDE6E55-9792-4566-9A49-9F5B19FF0F27}.Debug|x86.Build.0 = Debug|Win32
		{8BDE6E55-9792-4566-9A49-9F5B19FF0F27}.Release|x64.ActiveCfg = Release|x64
		{8BDE6E55-9792-4566-9A49-9F5B19FF0F27}.Release|x64.Build.0 = Release|x64
		{8BDE6E55-9792-4566-9A49-9F5B19FF0F27}.Release|x86.ActiveCfg = Release|Win32
		{8BDE6E55-9792-4566-9A49-9F5B19FF0F27}.Release|x86.Build.0 = Release|Win32
	EndGlobalSection
	GlobalSection(SolutionProperties) = preSolution
		HideSolutionNode = FALSE
	EndGlobalSection
	GlobalSection(ExtensibilityGlobals) = postSolution
		SolutionGuid = {1138EB06-35C4-42BE-8E34-A846EBF0CC57}
	EndGlobalSection
EndGlobal
