
Microsoft Visual Studio Solution File, Format Version 12.00
# Visual Studio Version 16
VisualStudioVersion = 16.0.31402.337
MinimumVisualStudioVersion = 10.0.40219.1
Project("{8BC9CEB8-8B4A-11D0-8D11-00A0C91BC942}") = "Binary Heap", "Binary Heap\Binary Heap.vcxproj", "{91EAA0DC-8B66-4FBE-96D4-64F6D83825FD}"
EndProject
Project("{8BC9CEB8-8B4A-11D0-8D11-00A0C91BC942}") = "Heap Sort", "Heap Sort\Heap Sort.vcxproj", "{AF9A6629-3D29-484F-9D1C-C96DBEDCB7E5}"
EndProject
Project("{8BC9CEB8-8B4A-11D0-8D11-00A0C91BC942}") = "k largest elements in an array", "k largest elements in an array\k largest elements in an array.vcxproj", "{048ABD73-DF02-427A-951D-45BD9F8AE0A4}"
EndProject
Global
	GlobalSection(SolutionConfigurationPlatforms) = preSolution
		Debug|x64 = Debug|x64
		Debug|x86 = Debug|x86
		Release|x64 = Release|x64
		Release|x86 = Release|x86
	EndGlobalSection
	GlobalSection(ProjectConfigurationPlatforms) = postSolution
		{91EAA0DC-8B66-4FBE-96D4-64F6D83825FD}.Debug|x64.ActiveCfg = Debug|x64
		{91EAA0DC-8B66-4FBE-96D4-64F6D83825FD}.Debug|x64.Build.0 = Debug|x64
		{91EAA0DC-8B66-4FBE-96D4-64F6D83825FD}.Debug|x86.ActiveCfg = Debug|Win32
		{91EAA0DC-8B66-4FBE-96D4-64F6D83825FD}.Debug|x86.Build.0 = Debug|Win32
		{91EAA0DC-8B66-4FBE-96D4-64F6D83825FD}.Release|x64.ActiveCfg = Release|x64
		{91EAA0DC-8B66-4FBE-96D4-64F6D83825FD}.Release|x64.Build.0 = Release|x64
		{91EAA0DC-8B66-4FBE-96D4-64F6D83825FD}.Release|x86.ActiveCfg = Release|Win32
		{91EAA0DC-8B66-4FBE-96D4-64F6D83825FD}.Release|x86.Build.0 = Release|Win32
		{AF9A6629-3D29-484F-9D1C-C96DBEDCB7E5}.Debug|x64.ActiveCfg = Debug|x64
		{AF9A6629-3D29-484F-9D1C-C96DBEDCB7E5}.Debug|x64.Build.0 = Debug|x64
		{AF9A6629-3D29-484F-9D1C-C96DBEDCB7E5}.Debug|x86.ActiveCfg = Debug|Win32
		{AF9A6629-3D29-484F-9D1C-C96DBEDCB7E5}.Debug|x86.Build.0 = Debug|Win32
		{AF9A6629-3D29-484F-9D1C-C96DBEDCB7E5}.Release|x64.ActiveCfg = Release|x64
		{AF9A6629-3D29-484F-9D1C-C96DBEDCB7E5}.Release|x64.Build.0 = Release|x64
		{AF9A6629-3D29-484F-9D1C-C96DBEDCB7E5}.Release|x86.ActiveCfg = Release|Win32
		{AF9A6629-3D29-484F-9D1C-C96DBEDCB7E5}.Release|x86.Build.0 = Release|Win32
		{048ABD73-DF02-427A-951D-45BD9F8AE0A4}.Debug|x64.ActiveCfg = Debug|x64
		{048ABD73-DF02-427A-951D-45BD9F8AE0A4}.Debug|x64.Build.0 = Debug|x64
		{048ABD73-DF02-427A-951D-45BD9F8AE0A4}.Debug|x86.ActiveCfg = Debug|Win32
		{048ABD73-DF02-427A-951D-45BD9F8AE0A4}.Debug|x86.Build.0 = Debug|Win32
		{048ABD73-DF02-427A-951D-45BD9F8AE0A4}.Release|x64.ActiveCfg = Release|x64
		{048ABD73-DF02-427A-951D-45BD9F8AE0A4}.Release|x64.Build.0 = Release|x64
		{048ABD73-DF02-427A-951D-45BD9F8AE0A4}.Release|x86.ActiveCfg = Release|Win32
		{048ABD73-DF02-427A-951D-45BD9F8AE0A4}.Release|x86.Build.0 = Release|Win32
	EndGlobalSection
	GlobalSection(SolutionProperties) = preSolution
		HideSolutionNode = FALSE
	EndGlobalSection
	GlobalSection(ExtensibilityGlobals) = postSolution
		SolutionGuid = {35109024-EB14-4A48-A355-67BCFBAA07FD}
	EndGlobalSection
EndGlobal
