
Microsoft Visual Studio Solution File, Format Version 12.00
# Visual Studio Version 16
VisualStudioVersion = 16.0.31402.337
MinimumVisualStudioVersion = 10.0.40219.1
Project("{8BC9CEB8-8B4A-11D0-8D11-00A0C91BC942}") = "BFS for a Graph", "BFS for a Graph\BFS for a Graph.vcxproj", "{0C2CB289-8BCA-4527-BA5C-415C02773DDC}"
EndProject
Project("{8BC9CEB8-8B4A-11D0-8D11-00A0C91BC942}") = "DFS for a Graph", "DFS for a Graph\DFS for a Graph.vcxproj", "{B25F4197-F2D3-405E-85C9-FFDC04C8FD2B}"
EndProject
Project("{8BC9CEB8-8B4A-11D0-8D11-00A0C91BC942}") = "Detect Cycle in a Directed Graph", "Detect Cycle in a Directed Graph\Detect Cycle in a Directed Graph.vcxproj", "{4C8C6D89-2B8F-4E0F-BB78-3D07F83C0CD1}"
EndProject
Project("{8BC9CEB8-8B4A-11D0-8D11-00A0C91BC942}") = "Detect cycle in an Undirected graph", "Detect cycle in an Undirected graph\Detect cycle in an Undirected graph.vcxproj", "{BF3D5C24-7077-4245-AB79-007A55758C47}"
EndProject
Project("{8BC9CEB8-8B4A-11D0-8D11-00A0C91BC942}") = "Longest Path in a Directed Acyclic Graph", "Longest Path in a Directed Acyclic Graph\Longest Path in a Directed Acyclic Graph.vcxproj", "{9A6C0C56-5328-4B1E-9D0B-5DAA7F30B31B}"
EndProject
Project("{8BC9CEB8-8B4A-11D0-8D11-00A0C91BC942}") = "Topological Sorting", "Topological Sorting\Topological Sorting.vcxproj", "{641B0111-16F5-426C-8BFB-029AC8BB3A3C}"
EndProject
Global
	GlobalSection(SolutionConfigurationPlatforms) = preSolution
		Debug|x64 = Debug|x64
		Debug|x86 = Debug|x86
		Release|x64 = Release|x64
		Release|x86 = Release|x86
	EndGlobalSection
	GlobalSection(ProjectConfigurationPlatforms) = postSolution
		{0C2CB289-8BCA-4527-BA5C-415C02773DDC}.Debug|x64.ActiveCfg = Debug|x64
		{0C2CB289-8BCA-4527-BA5C-415C02773DDC}.Debug|x64.Build.0 = Debug|x64
		{0C2CB289-8BCA-4527-BA5C-415C02773DDC}.Debug|x86.ActiveCfg = Debug|Win32
		{0C2CB289-8BCA-4527-BA5C-415C02773DDC}.Debug|x86.Build.0 = Debug|Win32
		{0C2CB289-8BCA-4527-BA5C-415C02773DDC}.Release|x64.ActiveCfg = Release|x64
		{0C2CB289-8BCA-4527-BA5C-415C02773DDC}.Release|x64.Build.0 = Release|x64
		{0C2CB289-8BCA-4527-BA5C-415C02773DDC}.Release|x86.ActiveCfg = Release|Win32
		{0C2CB289-8BCA-4527-BA5C-415C02773DDC}.Release|x86.Build.0 = Release|Win32
		{B25F4197-F2D3-405E-85C9-FFDC04C8FD2B}.Debug|x64.ActiveCfg = Debug|x64
		{B25F4197-F2D3-405E-85C9-FFDC04C8FD2B}.Debug|x64.Build.0 = Debug|x64
		{B25F4197-F2D3-405E-85C9-FFDC04C8FD2B}.Debug|x86.ActiveCfg = Debug|Win32
		{B25F4197-F2D3-405E-85C9-FFDC04C8FD2B}.Debug|x86.Build.0 = Debug|Win32
		{B25F4197-F2D3-405E-85C9-FFDC04C8FD2B}.Release|x64.ActiveCfg = Release|x64
		{B25F4197-F2D3-405E-85C9-FFDC04C8FD2B}.Release|x64.Build.0 = Release|x64
		{B25F4197-F2D3-405E-85C9-FFDC04C8FD2B}.Release|x86.ActiveCfg = Release|Win32
		{B25F4197-F2D3-405E-85C9-FFDC04C8FD2B}.Release|x86.Build.0 = Release|Win32
		{4C8C6D89-2B8F-4E0F-BB78-3D07F83C0CD1}.Debug|x64.ActiveCfg = Debug|x64
		{4C8C6D89-2B8F-4E0F-BB78-3D07F83C0CD1}.Debug|x64.Build.0 = Debug|x64
		{4C8C6D89-2B8F-4E0F-BB78-3D07F83C0CD1}.Debug|x86.ActiveCfg = Debug|Win32
		{4C8C6D89-2B8F-4E0F-BB78-3D07F83C0CD1}.Debug|x86.Build.0 = Debug|Win32
		{4C8C6D89-2B8F-4E0F-BB78-3D07F83C0CD1}.Release|x64.ActiveCfg = Release|x64
		{4C8C6D89-2B8F-4E0F-BB78-3D07F83C0CD1}.Release|x64.Build.0 = Release|x64
		{4C8C6D89-2B8F-4E0F-BB78-3D07F83C0CD1}.Release|x86.ActiveCfg = Release|Win32
		{4C8C6D89-2B8F-4E0F-BB78-3D07F83C0CD1}.Release|x86.Build.0 = Release|Win32
		{BF3D5C24-7077-4245-AB79-007A55758C47}.Debug|x64.ActiveCfg = Debug|x64
		{BF3D5C24-7077-4245-AB79-007A55758C47}.Debug|x64.Build.0 = Debug|x64
		{BF3D5C24-7077-4245-AB79-007A55758C47}.Debug|x86.ActiveCfg = Debug|Win32
		{BF3D5C24-7077-4245-AB79-007A55758C47}.Debug|x86.Build.0 = Debug|Win32
		{BF3D5C24-7077-4245-AB79-007A55758C47}.Release|x64.ActiveCfg = Release|x64
		{BF3D5C24-7077-4245-AB79-007A55758C47}.Release|x64.Build.0 = Release|x64
		{BF3D5C24-7077-4245-AB79-007A55758C47}.Release|x86.ActiveCfg = Release|Win32
		{BF3D5C24-7077-4245-AB79-007A55758C47}.Release|x86.Build.0 = Release|Win32
		{9A6C0C56-5328-4B1E-9D0B-5DAA7F30B31B}.Debug|x64.ActiveCfg = Debug|x64
		{9A6C0C56-5328-4B1E-9D0B-5DAA7F30B31B}.Debug|x64.Build.0 = Debug|x64
		{9A6C0C56-5328-4B1E-9D0B-5DAA7F30B31B}.Debug|x86.ActiveCfg = Debug|Win32
		{9A6C0C56-5328-4B1E-9D0B-5DAA7F30B31B}.Debug|x86.Build.0 = Debug|Win32
		{9A6C0C56-5328-4B1E-9D0B-5DAA7F30B31B}.Release|x64.ActiveCfg = Release|x64
		{9A6C0C56-5328-4B1E-9D0B-5DAA7F30B31B}.Release|x64.Build.0 = Release|x64
		{9A6C0C56-5328-4B1E-9D0B-5DAA7F30B31B}.Release|x86.ActiveCfg = Release|Win32
		{9A6C0C56-5328-4B1E-9D0B-5DAA7F30B31B}.Release|x86.Build.0 = Release|Win32
		{641B0111-16F5-426C-8BFB-029AC8BB3A3C}.Debug|x64.ActiveCfg = Debug|x64
		{641B0111-16F5-426C-8BFB-029AC8BB3A3C}.Debug|x64.Build.0 = Debug|x64
		{641B0111-16F5-426C-8BFB-029AC8BB3A3C}.Debug|x86.ActiveCfg = Debug|Win32
		{641B0111-16F5-426C-8BFB-029AC8BB3A3C}.Debug|x86.Build.0 = Debug|Win32
		{641B0111-16F5-426C-8BFB-029AC8BB3A3C}.Release|x64.ActiveCfg = Release|x64
		{641B0111-16F5-426C-8BFB-029AC8BB3A3C}.Release|x64.Build.0 = Release|x64
		{641B0111-16F5-426C-8BFB-029AC8BB3A3C}.Release|x86.ActiveCfg = Release|Win32
		{641B0111-16F5-426C-8BFB-029AC8BB3A3C}.Release|x86.Build.0 = Release|Win32
	EndGlobalSection
	GlobalSection(SolutionProperties) = preSolution
		HideSolutionNode = FALSE
	EndGlobalSection
	GlobalSection(ExtensibilityGlobals) = postSolution
		SolutionGuid = {726C320F-270F-45C3-8C75-8DD62C598EB0}
	EndGlobalSection
EndGlobal
