
Microsoft Visual Studio Solution File, Format Version 12.00
# Visual Studio Version 16
VisualStudioVersion = 16.0.29613.14
MinimumVisualStudioVersion = 10.0.40219.1
Project("{8BC9CEB8-8B4A-11D0-8D11-00A0C91BC942}") = "MergeTwoSortedLinkedLists", "MergeTwoSortedLinkedLists\MergeTwoSortedLinkedLists.vcxproj", "{92CBC4E8-A84A-430E-B240-7B46351C79F1}"
EndProject
Project("{8BC9CEB8-8B4A-11D0-8D11-00A0C91BC942}") = "MergeSortForLinkedLists", "MergeSortForLinkedLists\MergeSortForLinkedLists.vcxproj", "{6F450447-8DD9-47CA-B132-FE750E4108C8}"
EndProject
Project("{8BC9CEB8-8B4A-11D0-8D11-00A0C91BC942}") = "ReverseALinkedListInGroupsOfGivenSize", "ReverseALinkedListInGroupsOfGivenSize\ReverseALinkedListInGroupsOfGivenSize.vcxproj", "{8D5A0471-E527-44A4-921E-8883CAF63EB8}"
EndProject
Project("{8BC9CEB8-8B4A-11D0-8D11-00A0C91BC942}") = "DetectAndRemoveLoopInLinkedList", "DetectAndRemoveLoopInLinkedList\DetectAndRemoveLoopInLinkedList.vcxproj", "{3FA58BA9-4BDE-473B-8C4B-6FDA89C8647D}"
EndProject
Project("{8BC9CEB8-8B4A-11D0-8D11-00A0C91BC942}") = "RotateLinkedListCounterClockwiseByKNodes", "RotateLinkedListCounterClockwiseByKNodes\RotateLinkedListCounterClockwiseByKNodes.vcxproj", "{00D6C5A7-3854-4A24-8F3B-006541E85D18}"
EndProject
Project("{8BC9CEB8-8B4A-11D0-8D11-00A0C91BC942}") = "InsertionInCircularSinglyLinkedList", "InsertionInCircularSinglyLinkedList\InsertionInCircularSinglyLinkedList.vcxproj", "{C8EC9BCA-68FB-4B9C-83B4-6492C8BCBF80}"
EndProject
Project("{8BC9CEB8-8B4A-11D0-8D11-00A0C91BC942}") = "CircularLinkedListTraversal", "CircularLinkedListTraversal\CircularLinkedListTraversal.vcxproj", "{975EBD60-42E6-4729-91BF-E76045488F7D}"
EndProject
Project("{8BC9CEB8-8B4A-11D0-8D11-00A0C91BC942}") = "SplitCircularLinkedListIntoTwoHalves", "SplitCircularLinkedListIntoTwoHalves\SplitCircularLinkedListIntoTwoHalves.vcxproj", "{8E2A8EA5-18B2-46F6-B63C-D5E76CBC5AE4}"
EndProject
Project("{8BC9CEB8-8B4A-11D0-8D11-00A0C91BC942}") = "SortedInsertForCircularLinkedList", "SortedInsertForCircularLinkedList\SortedInsertForCircularLinkedList.vcxproj", "{F63D8D5A-54FA-4C61-A602-686AEF1C7A7E}"
EndProject
Project("{8BC9CEB8-8B4A-11D0-8D11-00A0C91BC942}") = "DeletionFromCircularSinglyLinkedList", "DeletionFromCircularSinglyLinkedList\DeletionFromCircularSinglyLinkedList.vcxproj", "{CEBB4AF9-71DA-4993-8C8A-2573E4339A9F}"
EndProject
Project("{8BC9CEB8-8B4A-11D0-8D11-00A0C91BC942}") = "InsertionInDoublyLinkedList", "InsertionInDoublyLinkedList\InsertionInDoublyLinkedList.vcxproj", "{425D859E-A514-4AAA-8340-8981DC3FDD08}"
EndProject
Project("{8BC9CEB8-8B4A-11D0-8D11-00A0C91BC942}") = "DeletionFromDoublyLinkedList", "DeletionFromDoublyLinkedList\DeletionFromDoublyLinkedList.vcxproj", "{727C6282-8043-47B4-B52E-8CB01B756F9B}"
EndProject
Project("{8BC9CEB8-8B4A-11D0-8D11-00A0C91BC942}") = "ReverseADoublyLinkedList", "ReverseADoublyLinkedList\ReverseADoublyLinkedList.vcxproj", "{E12721FF-D13F-4DAF-8A08-38648171C13A}"
EndProject
Project("{8BC9CEB8-8B4A-11D0-8D11-00A0C91BC942}") = "QuickSortOnDoublyLinkedList", "QuickSortOnDoublyLinkedList\QuickSortOnDoublyLinkedList.vcxproj", "{349615FA-00AC-42C1-9886-82EBA9EE49B8}"
EndProject
Project("{8BC9CEB8-8B4A-11D0-8D11-00A0C91BC942}") = "MergeSortForDoublyLinkedList", "MergeSortForDoublyLinkedList\MergeSortForDoublyLinkedList.vcxproj", "{AA2A8B14-D3AA-4199-AFAD-16CAF83969A6}"
EndProject
Project("{8BC9CEB8-8B4A-11D0-8D11-00A0C91BC942}") = "Insertion Sort for Singly Linked List", "Insertion Sort for Singly Linked List\Insertion Sort for Singly Linked List.vcxproj", "{DC998D8A-524F-4ED3-8E2E-052DDBB6C514}"
EndProject
Project("{8BC9CEB8-8B4A-11D0-8D11-00A0C91BC942}") = "InsertionInSinglyLinkedList", "InsertionInSinglyLinkedList\InsertionInSinglyLinkedList.vcxproj", "{E3C73407-1A46-47E2-9E77-FD97108876D5}"
EndProject
Project("{8BC9CEB8-8B4A-11D0-8D11-00A0C91BC942}") = "DeletingGivenKeyInALinkedList", "DeletingGivenKeyInALinkedList\DeletingGivenKeyInALinkedList.vcxproj", "{36CE008E-E55B-4200-A390-DFE80382AAA5}"
EndProject
Project("{8BC9CEB8-8B4A-11D0-8D11-00A0C91BC942}") = "DeletingKeyAtGivenPositionInLinkedList", "DeletingKeyAtGivenPositionInLinkedList\DeletingKeyAtGivenPositionInLinkedList.vcxproj", "{F2EB8FB5-BDB5-498F-BD4D-C6EE8D81508F}"
EndProject
Project("{8BC9CEB8-8B4A-11D0-8D11-00A0C91BC942}") = "SwapNodesInLinkedListWithoutSwappingData", "SwapNodesInLinkedListWithoutSwappingData\SwapNodesInLinkedListWithoutSwappingData.vcxproj", "{4348AF6B-4B93-4872-B7C9-7ECF70435327}"
EndProject
Project("{8BC9CEB8-8B4A-11D0-8D11-00A0C91BC942}") = "ReverseASinglyLinkedList", "ReverseASinglyLinkedList\ReverseASinglyLinkedList.vcxproj", "{A9B0495E-19A7-423E-BFB4-7019FB04A9E2}"
EndProject
Project("{8BC9CEB8-8B4A-11D0-8D11-00A0C91BC942}") = "AddTwoNumbersRepresentedByLinkedLists", "AddTwoNumbersRepresentedByLinkedLists\AddTwoNumbersRepresentedByLinkedLists.vcxproj", "{4ADEC3E9-83C6-42CC-8B0C-1D1F2FCEAC34}"
EndProject
Global
	GlobalSection(SolutionConfigurationPlatforms) = preSolution
		Debug|x64 = Debug|x64
		Debug|x86 = Debug|x86
		Release|x64 = Release|x64
		Release|x86 = Release|x86
	EndGlobalSection
	GlobalSection(ProjectConfigurationPlatforms) = postSolution
		{92CBC4E8-A84A-430E-B240-7B46351C79F1}.Debug|x64.ActiveCfg = Debug|x64
		{92CBC4E8-A84A-430E-B240-7B46351C79F1}.Debug|x64.Build.0 = Debug|x64
		{92CBC4E8-A84A-430E-B240-7B46351C79F1}.Debug|x86.ActiveCfg = Debug|Win32
		{92CBC4E8-A84A-430E-B240-7B46351C79F1}.Debug|x86.Build.0 = Debug|Win32
		{92CBC4E8-A84A-430E-B240-7B46351C79F1}.Release|x64.ActiveCfg = Release|x64
		{92CBC4E8-A84A-430E-B240-7B46351C79F1}.Release|x64.Build.0 = Release|x64
		{92CBC4E8-A84A-430E-B240-7B46351C79F1}.Release|x86.ActiveCfg = Release|Win32
		{92CBC4E8-A84A-430E-B240-7B46351C79F1}.Release|x86.Build.0 = Release|Win32
		{6F450447-8DD9-47CA-B132-FE750E4108C8}.Debug|x64.ActiveCfg = Debug|x64
		{6F450447-8DD9-47CA-B132-FE750E4108C8}.Debug|x64.Build.0 = Debug|x64
		{6F450447-8DD9-47CA-B132-FE750E4108C8}.Debug|x86.ActiveCfg = Debug|Win32
		{6F450447-8DD9-47CA-B132-FE750E4108C8}.Debug|x86.Build.0 = Debug|Win32
		{6F450447-8DD9-47CA-B132-FE750E4108C8}.Release|x64.ActiveCfg = Release|x64
		{6F450447-8DD9-47CA-B132-FE750E4108C8}.Release|x64.Build.0 = Release|x64
		{6F450447-8DD9-47CA-B132-FE750E4108C8}.Release|x86.ActiveCfg = Release|Win32
		{6F450447-8DD9-47CA-B132-FE750E4108C8}.Release|x86.Build.0 = Release|Win32
		{8D5A0471-E527-44A4-921E-8883CAF63EB8}.Debug|x64.ActiveCfg = Debug|x64
		{8D5A0471-E527-44A4-921E-8883CAF63EB8}.Debug|x64.Build.0 = Debug|x64
		{8D5A0471-E527-44A4-921E-8883CAF63EB8}.Debug|x86.ActiveCfg = Debug|Win32
		{8D5A0471-E527-44A4-921E-8883CAF63EB8}.Debug|x86.Build.0 = Debug|Win32
		{8D5A0471-E527-44A4-921E-8883CAF63EB8}.Release|x64.ActiveCfg = Release|x64
		{8D5A0471-E527-44A4-921E-8883CAF63EB8}.Release|x64.Build.0 = Release|x64
		{8D5A0471-E527-44A4-921E-8883CAF63EB8}.Release|x86.ActiveCfg = Release|Win32
		{8D5A0471-E527-44A4-921E-8883CAF63EB8}.Release|x86.Build.0 = Release|Win32
		{3FA58BA9-4BDE-473B-8C4B-6FDA89C8647D}.Debug|x64.ActiveCfg = Debug|x64
		{3FA58BA9-4BDE-473B-8C4B-6FDA89C8647D}.Debug|x64.Build.0 = Debug|x64
		{3FA58BA9-4BDE-473B-8C4B-6FDA89C8647D}.Debug|x86.ActiveCfg = Debug|Win32
		{3FA58BA9-4BDE-473B-8C4B-6FDA89C8647D}.Debug|x86.Build.0 = Debug|Win32
		{3FA58BA9-4BDE-473B-8C4B-6FDA89C8647D}.Release|x64.ActiveCfg = Release|x64
		{3FA58BA9-4BDE-473B-8C4B-6FDA89C8647D}.Release|x64.Build.0 = Release|x64
		{3FA58BA9-4BDE-473B-8C4B-6FDA89C8647D}.Release|x86.ActiveCfg = Release|Win32
		{3FA58BA9-4BDE-473B-8C4B-6FDA89C8647D}.Release|x86.Build.0 = Release|Win32
		{00D6C5A7-3854-4A24-8F3B-006541E85D18}.Debug|x64.ActiveCfg = Debug|x64
		{00D6C5A7-3854-4A24-8F3B-006541E85D18}.Debug|x64.Build.0 = Debug|x64
		{00D6C5A7-3854-4A24-8F3B-006541E85D18}.Debug|x86.ActiveCfg = Debug|Win32
		{00D6C5A7-3854-4A24-8F3B-006541E85D18}.Debug|x86.Build.0 = Debug|Win32
		{00D6C5A7-3854-4A24-8F3B-006541E85D18}.Release|x64.ActiveCfg = Release|x64
		{00D6C5A7-3854-4A24-8F3B-006541E85D18}.Release|x64.Build.0 = Release|x64
		{00D6C5A7-3854-4A24-8F3B-006541E85D18}.Release|x86.ActiveCfg = Release|Win32
		{00D6C5A7-3854-4A24-8F3B-006541E85D18}.Release|x86.Build.0 = Release|Win32
		{C8EC9BCA-68FB-4B9C-83B4-6492C8BCBF80}.Debug|x64.ActiveCfg = Debug|x64
		{C8EC9BCA-68FB-4B9C-83B4-6492C8BCBF80}.Debug|x64.Build.0 = Debug|x64
		{C8EC9BCA-68FB-4B9C-83B4-6492C8BCBF80}.Debug|x86.ActiveCfg = Debug|Win32
		{C8EC9BCA-68FB-4B9C-83B4-6492C8BCBF80}.Debug|x86.Build.0 = Debug|Win32
		{C8EC9BCA-68FB-4B9C-83B4-6492C8BCBF80}.Release|x64.ActiveCfg = Release|x64
		{C8EC9BCA-68FB-4B9C-83B4-6492C8BCBF80}.Release|x64.Build.0 = Release|x64
		{C8EC9BCA-68FB-4B9C-83B4-6492C8BCBF80}.Release|x86.ActiveCfg = Release|Win32
		{C8EC9BCA-68FB-4B9C-83B4-6492C8BCBF80}.Release|x86.Build.0 = Release|Win32
		{975EBD60-42E6-4729-91BF-E76045488F7D}.Debug|x64.ActiveCfg = Debug|x64
		{975EBD60-42E6-4729-91BF-E76045488F7D}.Debug|x64.Build.0 = Debug|x64
		{975EBD60-42E6-4729-91BF-E76045488F7D}.Debug|x86.ActiveCfg = Debug|Win32
		{975EBD60-42E6-4729-91BF-E76045488F7D}.Debug|x86.Build.0 = Debug|Win32
		{975EBD60-42E6-4729-91BF-E76045488F7D}.Release|x64.ActiveCfg = Release|x64
		{975EBD60-42E6-4729-91BF-E76045488F7D}.Release|x64.Build.0 = Release|x64
		{975EBD60-42E6-4729-91BF-E76045488F7D}.Release|x86.ActiveCfg = Release|Win32
		{975EBD60-42E6-4729-91BF-E76045488F7D}.Release|x86.Build.0 = Release|Win32
		{8E2A8EA5-18B2-46F6-B63C-D5E76CBC5AE4}.Debug|x64.ActiveCfg = Debug|x64
		{8E2A8EA5-18B2-46F6-B63C-D5E76CBC5AE4}.Debug|x64.Build.0 = Debug|x64
		{8E2A8EA5-18B2-46F6-B63C-D5E76CBC5AE4}.Debug|x86.ActiveCfg = Debug|Win32
		{8E2A8EA5-18B2-46F6-B63C-D5E76CBC5AE4}.Debug|x86.Build.0 = Debug|Win32
		{8E2A8EA5-18B2-46F6-B63C-D5E76CBC5AE4}.Release|x64.ActiveCfg = Release|x64
		{8E2A8EA5-18B2-46F6-B63C-D5E76CBC5AE4}.Release|x64.Build.0 = Release|x64
		{8E2A8EA5-18B2-46F6-B63C-D5E76CBC5AE4}.Release|x86.ActiveCfg = Release|Win32
		{8E2A8EA5-18B2-46F6-B63C-D5E76CBC5AE4}.Release|x86.Build.0 = Release|Win32
		{F63D8D5A-54FA-4C61-A602-686AEF1C7A7E}.Debug|x64.ActiveCfg = Debug|x64
		{F63D8D5A-54FA-4C61-A602-686AEF1C7A7E}.Debug|x64.Build.0 = Debug|x64
		{F63D8D5A-54FA-4C61-A602-686AEF1C7A7E}.Debug|x86.ActiveCfg = Debug|Win32
		{F63D8D5A-54FA-4C61-A602-686AEF1C7A7E}.Debug|x86.Build.0 = Debug|Win32
		{F63D8D5A-54FA-4C61-A602-686AEF1C7A7E}.Release|x64.ActiveCfg = Release|x64
		{F63D8D5A-54FA-4C61-A602-686AEF1C7A7E}.Release|x64.Build.0 = Release|x64
		{F63D8D5A-54FA-4C61-A602-686AEF1C7A7E}.Release|x86.ActiveCfg = Release|Win32
		{F63D8D5A-54FA-4C61-A602-686AEF1C7A7E}.Release|x86.Build.0 = Release|Win32
		{CEBB4AF9-71DA-4993-8C8A-2573E4339A9F}.Debug|x64.ActiveCfg = Debug|x64
		{CEBB4AF9-71DA-4993-8C8A-2573E4339A9F}.Debug|x64.Build.0 = Debug|x64
		{CEBB4AF9-71DA-4993-8C8A-2573E4339A9F}.Debug|x86.ActiveCfg = Debug|Win32
		{CEBB4AF9-71DA-4993-8C8A-2573E4339A9F}.Debug|x86.Build.0 = Debug|Win32
		{CEBB4AF9-71DA-4993-8C8A-2573E4339A9F}.Release|x64.ActiveCfg = Release|x64
		{CEBB4AF9-71DA-4993-8C8A-2573E4339A9F}.Release|x64.Build.0 = Release|x64
		{CEBB4AF9-71DA-4993-8C8A-2573E4339A9F}.Release|x86.ActiveCfg = Release|Win32
		{CEBB4AF9-71DA-4993-8C8A-2573E4339A9F}.Release|x86.Build.0 = Release|Win32
		{425D859E-A514-4AAA-8340-8981DC3FDD08}.Debug|x64.ActiveCfg = Debug|x64
		{425D859E-A514-4AAA-8340-8981DC3FDD08}.Debug|x64.Build.0 = Debug|x64
		{425D859E-A514-4AAA-8340-8981DC3FDD08}.Debug|x86.ActiveCfg = Debug|Win32
		{425D859E-A514-4AAA-8340-8981DC3FDD08}.Debug|x86.Build.0 = Debug|Win32
		{425D859E-A514-4AAA-8340-8981DC3FDD08}.Release|x64.ActiveCfg = Release|x64
		{425D859E-A514-4AAA-8340-8981DC3FDD08}.Release|x64.Build.0 = Release|x64
		{425D859E-A514-4AAA-8340-8981DC3FDD08}.Release|x86.ActiveCfg = Release|Win32
		{425D859E-A514-4AAA-8340-8981DC3FDD08}.Release|x86.Build.0 = Release|Win32
		{727C6282-8043-47B4-B52E-8CB01B756F9B}.Debug|x64.ActiveCfg = Debug|x64
		{727C6282-8043-47B4-B52E-8CB01B756F9B}.Debug|x64.Build.0 = Debug|x64
		{727C6282-8043-47B4-B52E-8CB01B756F9B}.Debug|x86.ActiveCfg = Debug|Win32
		{727C6282-8043-47B4-B52E-8CB01B756F9B}.Debug|x86.Build.0 = Debug|Win32
		{727C6282-8043-47B4-B52E-8CB01B756F9B}.Release|x64.ActiveCfg = Release|x64
		{727C6282-8043-47B4-B52E-8CB01B756F9B}.Release|x64.Build.0 = Release|x64
		{727C6282-8043-47B4-B52E-8CB01B756F9B}.Release|x86.ActiveCfg = Release|Win32
		{727C6282-8043-47B4-B52E-8CB01B756F9B}.Release|x86.Build.0 = Release|Win32
		{E12721FF-D13F-4DAF-8A08-38648171C13A}.Debug|x64.ActiveCfg = Debug|x64
		{E12721FF-D13F-4DAF-8A08-38648171C13A}.Debug|x64.Build.0 = Debug|x64
		{E12721FF-D13F-4DAF-8A08-38648171C13A}.Debug|x86.ActiveCfg = Debug|Win32
		{E12721FF-D13F-4DAF-8A08-38648171C13A}.Debug|x86.Build.0 = Debug|Win32
		{E12721FF-D13F-4DAF-8A08-38648171C13A}.Release|x64.ActiveCfg = Release|x64
		{E12721FF-D13F-4DAF-8A08-38648171C13A}.Release|x64.Build.0 = Release|x64
		{E12721FF-D13F-4DAF-8A08-38648171C13A}.Release|x86.ActiveCfg = Release|Win32
		{E12721FF-D13F-4DAF-8A08-38648171C13A}.Release|x86.Build.0 = Release|Win32
		{349615FA-00AC-42C1-9886-82EBA9EE49B8}.Debug|x64.ActiveCfg = Debug|x64
		{349615FA-00AC-42C1-9886-82EBA9EE49B8}.Debug|x64.Build.0 = Debug|x64
		{349615FA-00AC-42C1-9886-82EBA9EE49B8}.Debug|x86.ActiveCfg = Debug|Win32
		{349615FA-00AC-42C1-9886-82EBA9EE49B8}.Debug|x86.Build.0 = Debug|Win32
		{349615FA-00AC-42C1-9886-82EBA9EE49B8}.Release|x64.ActiveCfg = Release|x64
		{349615FA-00AC-42C1-9886-82EBA9EE49B8}.Release|x64.Build.0 = Release|x64
		{349615FA-00AC-42C1-9886-82EBA9EE49B8}.Release|x86.ActiveCfg = Release|Win32
		{349615FA-00AC-42C1-9886-82EBA9EE49B8}.Release|x86.Build.0 = Release|Win32
		{AA2A8B14-D3AA-4199-AFAD-16CAF83969A6}.Debug|x64.ActiveCfg = Debug|x64
		{AA2A8B14-D3AA-4199-AFAD-16CAF83969A6}.Debug|x64.Build.0 = Debug|x64
		{AA2A8B14-D3AA-4199-AFAD-16CAF83969A6}.Debug|x86.ActiveCfg = Debug|Win32
		{AA2A8B14-D3AA-4199-AFAD-16CAF83969A6}.Debug|x86.Build.0 = Debug|Win32
		{AA2A8B14-D3AA-4199-AFAD-16CAF83969A6}.Release|x64.ActiveCfg = Release|x64
		{AA2A8B14-D3AA-4199-AFAD-16CAF83969A6}.Release|x64.Build.0 = Release|x64
		{AA2A8B14-D3AA-4199-AFAD-16CAF83969A6}.Release|x86.ActiveCfg = Release|Win32
		{AA2A8B14-D3AA-4199-AFAD-16CAF83969A6}.Release|x86.Build.0 = Release|Win32
		{DC998D8A-524F-4ED3-8E2E-052DDBB6C514}.Debug|x64.ActiveCfg = Debug|x64
		{DC998D8A-524F-4ED3-8E2E-052DDBB6C514}.Debug|x64.Build.0 = Debug|x64
		{DC998D8A-524F-4ED3-8E2E-052DDBB6C514}.Debug|x86.ActiveCfg = Debug|Win32
		{DC998D8A-524F-4ED3-8E2E-052DDBB6C514}.Debug|x86.Build.0 = Debug|Win32
		{DC998D8A-524F-4ED3-8E2E-052DDBB6C514}.Release|x64.ActiveCfg = Release|x64
		{DC998D8A-524F-4ED3-8E2E-052DDBB6C514}.Release|x64.Build.0 = Release|x64
		{DC998D8A-524F-4ED3-8E2E-052DDBB6C514}.Release|x86.ActiveCfg = Release|Win32
		{DC998D8A-524F-4ED3-8E2E-052DDBB6C514}.Release|x86.Build.0 = Release|Win32
		{E3C73407-1A46-47E2-9E77-FD97108876D5}.Debug|x64.ActiveCfg = Debug|x64
		{E3C73407-1A46-47E2-9E77-FD97108876D5}.Debug|x64.Build.0 = Debug|x64
		{E3C73407-1A46-47E2-9E77-FD97108876D5}.Debug|x86.ActiveCfg = Debug|Win32
		{E3C73407-1A46-47E2-9E77-FD97108876D5}.Debug|x86.Build.0 = Debug|Win32
		{E3C73407-1A46-47E2-9E77-FD97108876D5}.Release|x64.ActiveCfg = Release|x64
		{E3C73407-1A46-47E2-9E77-FD97108876D5}.Release|x64.Build.0 = Release|x64
		{E3C73407-1A46-47E2-9E77-FD97108876D5}.Release|x86.ActiveCfg = Release|Win32
		{E3C73407-1A46-47E2-9E77-FD97108876D5}.Release|x86.Build.0 = Release|Win32
		{36CE008E-E55B-4200-A390-DFE80382AAA5}.Debug|x64.ActiveCfg = Debug|x64
		{36CE008E-E55B-4200-A390-DFE80382AAA5}.Debug|x64.Build.0 = Debug|x64
		{36CE008E-E55B-4200-A390-DFE80382AAA5}.Debug|x86.ActiveCfg = Debug|Win32
		{36CE008E-E55B-4200-A390-DFE80382AAA5}.Debug|x86.Build.0 = Debug|Win32
		{36CE008E-E55B-4200-A390-DFE80382AAA5}.Release|x64.ActiveCfg = Release|x64
		{36CE008E-E55B-4200-A390-DFE80382AAA5}.Release|x64.Build.0 = Release|x64
		{36CE008E-E55B-4200-A390-DFE80382AAA5}.Release|x86.ActiveCfg = Release|Win32
		{36CE008E-E55B-4200-A390-DFE80382AAA5}.Release|x86.Build.0 = Release|Win32
		{F2EB8FB5-BDB5-498F-BD4D-C6EE8D81508F}.Debug|x64.ActiveCfg = Debug|x64
		{F2EB8FB5-BDB5-498F-BD4D-C6EE8D81508F}.Debug|x64.Build.0 = Debug|x64
		{F2EB8FB5-BDB5-498F-BD4D-C6EE8D81508F}.Debug|x86.ActiveCfg = Debug|Win32
		{F2EB8FB5-BDB5-498F-BD4D-C6EE8D81508F}.Debug|x86.Build.0 = Debug|Win32
		{F2EB8FB5-BDB5-498F-BD4D-C6EE8D81508F}.Release|x64.ActiveCfg = Release|x64
		{F2EB8FB5-BDB5-498F-BD4D-C6EE8D81508F}.Release|x64.Build.0 = Release|x64
		{F2EB8FB5-BDB5-498F-BD4D-C6EE8D81508F}.Release|x86.ActiveCfg = Release|Win32
		{F2EB8FB5-BDB5-498F-BD4D-C6EE8D81508F}.Release|x86.Build.0 = Release|Win32
		{4348AF6B-4B93-4872-B7C9-7ECF70435327}.Debug|x64.ActiveCfg = Debug|x64
		{4348AF6B-4B93-4872-B7C9-7ECF70435327}.Debug|x64.Build.0 = Debug|x64
		{4348AF6B-4B93-4872-B7C9-7ECF70435327}.Debug|x86.ActiveCfg = Debug|Win32
		{4348AF6B-4B93-4872-B7C9-7ECF70435327}.Debug|x86.Build.0 = Debug|Win32
		{4348AF6B-4B93-4872-B7C9-7ECF70435327}.Release|x64.ActiveCfg = Release|x64
		{4348AF6B-4B93-4872-B7C9-7ECF70435327}.Release|x64.Build.0 = Release|x64
		{4348AF6B-4B93-4872-B7C9-7ECF70435327}.Release|x86.ActiveCfg = Release|Win32
		{4348AF6B-4B93-4872-B7C9-7ECF70435327}.Release|x86.Build.0 = Release|Win32
		{A9B0495E-19A7-423E-BFB4-7019FB04A9E2}.Debug|x64.ActiveCfg = Debug|x64
		{A9B0495E-19A7-423E-BFB4-7019FB04A9E2}.Debug|x64.Build.0 = Debug|x64
		{A9B0495E-19A7-423E-BFB4-7019FB04A9E2}.Debug|x86.ActiveCfg = Debug|Win32
		{A9B0495E-19A7-423E-BFB4-7019FB04A9E2}.Debug|x86.Build.0 = Debug|Win32
		{A9B0495E-19A7-423E-BFB4-7019FB04A9E2}.Release|x64.ActiveCfg = Release|x64
		{A9B0495E-19A7-423E-BFB4-7019FB04A9E2}.Release|x64.Build.0 = Release|x64
		{A9B0495E-19A7-423E-BFB4-7019FB04A9E2}.Release|x86.ActiveCfg = Release|Win32
		{A9B0495E-19A7-423E-BFB4-7019FB04A9E2}.Release|x86.Build.0 = Release|Win32
		{4ADEC3E9-83C6-42CC-8B0C-1D1F2FCEAC34}.Debug|x64.ActiveCfg = Debug|x64
		{4ADEC3E9-83C6-42CC-8B0C-1D1F2FCEAC34}.Debug|x64.Build.0 = Debug|x64
		{4ADEC3E9-83C6-42CC-8B0C-1D1F2FCEAC34}.Debug|x86.ActiveCfg = Debug|Win32
		{4ADEC3E9-83C6-42CC-8B0C-1D1F2FCEAC34}.Debug|x86.Build.0 = Debug|Win32
		{4ADEC3E9-83C6-42CC-8B0C-1D1F2FCEAC34}.Release|x64.ActiveCfg = Release|x64
		{4ADEC3E9-83C6-42CC-8B0C-1D1F2FCEAC34}.Release|x64.Build.0 = Release|x64
		{4ADEC3E9-83C6-42CC-8B0C-1D1F2FCEAC34}.Release|x86.ActiveCfg = Release|Win32
		{4ADEC3E9-83C6-42CC-8B0C-1D1F2FCEAC34}.Release|x86.Build.0 = Release|Win32
	EndGlobalSection
	GlobalSection(SolutionProperties) = preSolution
		HideSolutionNode = FALSE
	EndGlobalSection
	GlobalSection(ExtensibilityGlobals) = postSolution
		SolutionGuid = {9D7740B0-1FC2-42B0-81D2-42FF7487B07D}
	EndGlobalSection
EndGlobal
