
Microsoft Visual Studio Solution File, Format Version 12.00
# Visual Studio Version 16
VisualStudioVersion = 16.0.31402.337
MinimumVisualStudioVersion = 10.0.40219.1
Project("{8BC9CEB8-8B4A-11D0-8D11-00A0C91BC942}") = "Search in a row wise and column wise sorted matrix", "Search in a row wise and column wise sorted matrix\Search in a row wise and column wise sorted matrix.vcxproj", "{95D8CDF8-96A4-407B-A7AB-C095EB3AA07C}"
EndProject
Project("{8BC9CEB8-8B4A-11D0-8D11-00A0C91BC942}") = "Search element in a sorted matrix", "Search element in a sorted matrix\Search element in a sorted matrix.vcxproj", "{F5FC4339-17F9-4E94-B6F1-9CCD27BCE0E5}"
EndProject
Project("{8BC9CEB8-8B4A-11D0-8D11-00A0C91BC942}") = "Print a given matrix in spiral form", "Print a given matrix in spiral form\Print a given matrix in spiral form.vcxproj", "{4B489CDC-8761-497E-809D-994AC3A8A010}"
EndProject
Project("{8BC9CEB8-8B4A-11D0-8D11-00A0C91BC942}") = "Boolean Matrix Question", "Boolean Matrix Question\Boolean Matrix Question.vcxproj", "{4D61F44F-8962-449E-AC6E-ED4BD9D20A14}"
EndProject
Project("{8BC9CEB8-8B4A-11D0-8D11-00A0C91BC942}") = "Print unique rows in a given boolean matrix", "Print unique rows in a given boolean matrix\Print unique rows in a given boolean matrix.vcxproj", "{C76153D0-FDA2-48A5-9F5D-AEEB2E3A35E6}"
EndProject
Project("{8BC9CEB8-8B4A-11D0-8D11-00A0C91BC942}") = "Maximum size square sub-matrix with all 1s", "Maximum size square sub-matrix with all 1s\Maximum size square sub-matrix with all 1s.vcxproj", "{BDD0A22C-67D0-4EEE-8CB1-6DA55CD2A1D6}"
EndProject
Project("{8BC9CEB8-8B4A-11D0-8D11-00A0C91BC942}") = "Maximum sum rectangle in a 2D matrix", "Maximum sum rectangle in a 2D matrix\Maximum sum rectangle in a 2D matrix.vcxproj", "{693BA04D-9154-4648-92AF-3C2CAC907362}"
EndProject
Project("{8BC9CEB8-8B4A-11D0-8D11-00A0C91BC942}") = "Create a matrix with alternating rectangles of O and X", "Create a matrix with alternating rectangles of O and X\Create a matrix with alternating rectangles of O and X.vcxproj", "{FFF3CA63-327E-4E8B-ACCC-856D7DE17639}"
EndProject
Project("{8BC9CEB8-8B4A-11D0-8D11-00A0C91BC942}") = "Print all elements in sorted order from row and column wise sorted matrix", "Print all elements in sorted order from row and column wise sorted matrix\Print all elements in sorted order from row and column wise sorted matrix.vcxproj", "{4418CA39-B001-40C1-929A-D9FB21EF4D74}"
EndProject
Project("{8BC9CEB8-8B4A-11D0-8D11-00A0C91BC942}") = "Given an n x n square matrix, find sum of all sub-squares of size k x k", "Given an n x n square matrix, find sum of all sub-squares of size k x k\Given an n x n square matrix, find sum of all sub-squares of size k x k.vcxproj", "{BED10121-5C4E-43D9-AE29-2618641BE7E1}"
EndProject
Project("{8BC9CEB8-8B4A-11D0-8D11-00A0C91BC942}") = "Count number of islands", "Count number of islands\Count number of islands.vcxproj", "{F8571D0D-3DA2-4617-85CE-738C05CA8345}"
EndProject
Global
	GlobalSection(SolutionConfigurationPlatforms) = preSolution
		Debug|x64 = Debug|x64
		Debug|x86 = Debug|x86
		Release|x64 = Release|x64
		Release|x86 = Release|x86
	EndGlobalSection
	GlobalSection(ProjectConfigurationPlatforms) = postSolution
		{95D8CDF8-96A4-407B-A7AB-C095EB3AA07C}.Debug|x64.ActiveCfg = Debug|x64
		{95D8CDF8-96A4-407B-A7AB-C095EB3AA07C}.Debug|x64.Build.0 = Debug|x64
		{95D8CDF8-96A4-407B-A7AB-C095EB3AA07C}.Debug|x86.ActiveCfg = Debug|Win32
		{95D8CDF8-96A4-407B-A7AB-C095EB3AA07C}.Debug|x86.Build.0 = Debug|Win32
		{95D8CDF8-96A4-407B-A7AB-C095EB3AA07C}.Release|x64.ActiveCfg = Release|x64
		{95D8CDF8-96A4-407B-A7AB-C095EB3AA07C}.Release|x64.Build.0 = Release|x64
		{95D8CDF8-96A4-407B-A7AB-C095EB3AA07C}.Release|x86.ActiveCfg = Release|Win32
		{95D8CDF8-96A4-407B-A7AB-C095EB3AA07C}.Release|x86.Build.0 = Release|Win32
		{F5FC4339-17F9-4E94-B6F1-9CCD27BCE0E5}.Debug|x64.ActiveCfg = Debug|x64
		{F5FC4339-17F9-4E94-B6F1-9CCD27BCE0E5}.Debug|x64.Build.0 = Debug|x64
		{F5FC4339-17F9-4E94-B6F1-9CCD27BCE0E5}.Debug|x86.ActiveCfg = Debug|Win32
		{F5FC4339-17F9-4E94-B6F1-9CCD27BCE0E5}.Debug|x86.Build.0 = Debug|Win32
		{F5FC4339-17F9-4E94-B6F1-9CCD27BCE0E5}.Release|x64.ActiveCfg = Release|x64
		{F5FC4339-17F9-4E94-B6F1-9CCD27BCE0E5}.Release|x64.Build.0 = Release|x64
		{F5FC4339-17F9-4E94-B6F1-9CCD27BCE0E5}.Release|x86.ActiveCfg = Release|Win32
		{F5FC4339-17F9-4E94-B6F1-9CCD27BCE0E5}.Release|x86.Build.0 = Release|Win32
		{4B489CDC-8761-497E-809D-994AC3A8A010}.Debug|x64.ActiveCfg = Debug|x64
		{4B489CDC-8761-497E-809D-994AC3A8A010}.Debug|x64.Build.0 = Debug|x64
		{4B489CDC-8761-497E-809D-994AC3A8A010}.Debug|x86.ActiveCfg = Debug|Win32
		{4B489CDC-8761-497E-809D-994AC3A8A010}.Debug|x86.Build.0 = Debug|Win32
		{4B489CDC-8761-497E-809D-994AC3A8A010}.Release|x64.ActiveCfg = Release|x64
		{4B489CDC-8761-497E-809D-994AC3A8A010}.Release|x64.Build.0 = Release|x64
		{4B489CDC-8761-497E-809D-994AC3A8A010}.Release|x86.ActiveCfg = Release|Win32
		{4B489CDC-8761-497E-809D-994AC3A8A010}.Release|x86.Build.0 = Release|Win32
		{4D61F44F-8962-449E-AC6E-ED4BD9D20A14}.Debug|x64.ActiveCfg = Debug|x64
		{4D61F44F-8962-449E-AC6E-ED4BD9D20A14}.Debug|x64.Build.0 = Debug|x64
		{4D61F44F-8962-449E-AC6E-ED4BD9D20A14}.Debug|x86.ActiveCfg = Debug|Win32
		{4D61F44F-8962-449E-AC6E-ED4BD9D20A14}.Debug|x86.Build.0 = Debug|Win32
		{4D61F44F-8962-449E-AC6E-ED4BD9D20A14}.Release|x64.ActiveCfg = Release|x64
		{4D61F44F-8962-449E-AC6E-ED4BD9D20A14}.Release|x64.Build.0 = Release|x64
		{4D61F44F-8962-449E-AC6E-ED4BD9D20A14}.Release|x86.ActiveCfg = Release|Win32
		{4D61F44F-8962-449E-AC6E-ED4BD9D20A14}.Release|x86.Build.0 = Release|Win32
		{C76153D0-FDA2-48A5-9F5D-AEEB2E3A35E6}.Debug|x64.ActiveCfg = Debug|x64
		{C76153D0-FDA2-48A5-9F5D-AEEB2E3A35E6}.Debug|x64.Build.0 = Debug|x64
		{C76153D0-FDA2-48A5-9F5D-AEEB2E3A35E6}.Debug|x86.ActiveCfg = Debug|Win32
		{C76153D0-FDA2-48A5-9F5D-AEEB2E3A35E6}.Debug|x86.Build.0 = Debug|Win32
		{C76153D0-FDA2-48A5-9F5D-AEEB2E3A35E6}.Release|x64.ActiveCfg = Release|x64
		{C76153D0-FDA2-48A5-9F5D-AEEB2E3A35E6}.Release|x64.Build.0 = Release|x64
		{C76153D0-FDA2-48A5-9F5D-AEEB2E3A35E6}.Release|x86.ActiveCfg = Release|Win32
		{C76153D0-FDA2-48A5-9F5D-AEEB2E3A35E6}.Release|x86.Build.0 = Release|Win32
		{BDD0A22C-67D0-4EEE-8CB1-6DA55CD2A1D6}.Debug|x64.ActiveCfg = Debug|x64
		{BDD0A22C-67D0-4EEE-8CB1-6DA55CD2A1D6}.Debug|x64.Build.0 = Debug|x64
		{BDD0A22C-67D0-4EEE-8CB1-6DA55CD2A1D6}.Debug|x86.ActiveCfg = Debug|Win32
		{BDD0A22C-67D0-4EEE-8CB1-6DA55CD2A1D6}.Debug|x86.Build.0 = Debug|Win32
		{BDD0A22C-67D0-4EEE-8CB1-6DA55CD2A1D6}.Release|x64.ActiveCfg = Release|x64
		{BDD0A22C-67D0-4EEE-8CB1-6DA55CD2A1D6}.Release|x64.Build.0 = Release|x64
		{BDD0A22C-67D0-4EEE-8CB1-6DA55CD2A1D6}.Release|x86.ActiveCfg = Release|Win32
		{BDD0A22C-67D0-4EEE-8CB1-6DA55CD2A1D6}.Release|x86.Build.0 = Release|Win32
		{693BA04D-9154-4648-92AF-3C2CAC907362}.Debug|x64.ActiveCfg = Debug|x64
		{693BA04D-9154-4648-92AF-3C2CAC907362}.Debug|x64.Build.0 = Debug|x64
		{693BA04D-9154-4648-92AF-3C2CAC907362}.Debug|x86.ActiveCfg = Debug|Win32
		{693BA04D-9154-4648-92AF-3C2CAC907362}.Debug|x86.Build.0 = Debug|Win32
		{693BA04D-9154-4648-92AF-3C2CAC907362}.Release|x64.ActiveCfg = Release|x64
		{693BA04D-9154-4648-92AF-3C2CAC907362}.Release|x64.Build.0 = Release|x64
		{693BA04D-9154-4648-92AF-3C2CAC907362}.Release|x86.ActiveCfg = Release|Win32
		{693BA04D-9154-4648-92AF-3C2CAC907362}.Release|x86.Build.0 = Release|Win32
		{FFF3CA63-327E-4E8B-ACCC-856D7DE17639}.Debug|x64.ActiveCfg = Debug|x64
		{FFF3CA63-327E-4E8B-ACCC-856D7DE17639}.Debug|x64.Build.0 = Debug|x64
		{FFF3CA63-327E-4E8B-ACCC-856D7DE17639}.Debug|x86.ActiveCfg = Debug|Win32
		{FFF3CA63-327E-4E8B-ACCC-856D7DE17639}.Debug|x86.Build.0 = Debug|Win32
		{FFF3CA63-327E-4E8B-ACCC-856D7DE17639}.Release|x64.ActiveCfg = Release|x64
		{FFF3CA63-327E-4E8B-ACCC-856D7DE17639}.Release|x64.Build.0 = Release|x64
		{FFF3CA63-327E-4E8B-ACCC-856D7DE17639}.Release|x86.ActiveCfg = Release|Win32
		{FFF3CA63-327E-4E8B-ACCC-856D7DE17639}.Release|x86.Build.0 = Release|Win32
		{4418CA39-B001-40C1-929A-D9FB21EF4D74}.Debug|x64.ActiveCfg = Debug|x64
		{4418CA39-B001-40C1-929A-D9FB21EF4D74}.Debug|x64.Build.0 = Debug|x64
		{4418CA39-B001-40C1-929A-D9FB21EF4D74}.Debug|x86.ActiveCfg = Debug|Win32
		{4418CA39-B001-40C1-929A-D9FB21EF4D74}.Debug|x86.Build.0 = Debug|Win32
		{4418CA39-B001-40C1-929A-D9FB21EF4D74}.Release|x64.ActiveCfg = Release|x64
		{4418CA39-B001-40C1-929A-D9FB21EF4D74}.Release|x64.Build.0 = Release|x64
		{4418CA39-B001-40C1-929A-D9FB21EF4D74}.Release|x86.ActiveCfg = Release|Win32
		{4418CA39-B001-40C1-929A-D9FB21EF4D74}.Release|x86.Build.0 = Release|Win32
		{BED10121-5C4E-43D9-AE29-2618641BE7E1}.Debug|x64.ActiveCfg = Debug|x64
		{BED10121-5C4E-43D9-AE29-2618641BE7E1}.Debug|x64.Build.0 = Debug|x64
		{BED10121-5C4E-43D9-AE29-2618641BE7E1}.Debug|x86.ActiveCfg = Debug|Win32
		{BED10121-5C4E-43D9-AE29-2618641BE7E1}.Debug|x86.Build.0 = Debug|Win32
		{BED10121-5C4E-43D9-AE29-2618641BE7E1}.Release|x64.ActiveCfg = Release|x64
		{BED10121-5C4E-43D9-AE29-2618641BE7E1}.Release|x64.Build.0 = Release|x64
		{BED10121-5C4E-43D9-AE29-2618641BE7E1}.Release|x86.ActiveCfg = Release|Win32
		{BED10121-5C4E-43D9-AE29-2618641BE7E1}.Release|x86.Build.0 = Release|Win32
		{F8571D0D-3DA2-4617-85CE-738C05CA8345}.Debug|x64.ActiveCfg = Debug|x64
		{F8571D0D-3DA2-4617-85CE-738C05CA8345}.Debug|x64.Build.0 = Debug|x64
		{F8571D0D-3DA2-4617-85CE-738C05CA8345}.Debug|x86.ActiveCfg = Debug|Win32
		{F8571D0D-3DA2-4617-85CE-738C05CA8345}.Debug|x86.Build.0 = Debug|Win32
		{F8571D0D-3DA2-4617-85CE-738C05CA8345}.Release|x64.ActiveCfg = Release|x64
		{F8571D0D-3DA2-4617-85CE-738C05CA8345}.Release|x64.Build.0 = Release|x64
		{F8571D0D-3DA2-4617-85CE-738C05CA8345}.Release|x86.ActiveCfg = Release|Win32
		{F8571D0D-3DA2-4617-85CE-738C05CA8345}.Release|x86.Build.0 = Release|Win32
	EndGlobalSection
	GlobalSection(SolutionProperties) = preSolution
		HideSolutionNode = FALSE
	EndGlobalSection
	GlobalSection(ExtensibilityGlobals) = postSolution
		SolutionGuid = {535599C9-624A-455D-9371-773ACDDF1540}
	EndGlobalSection
EndGlobal
