
Microsoft Visual Studio Solution File, Format Version 12.00
# Visual Studio Version 16
VisualStudioVersion = 16.0.29613.14
MinimumVisualStudioVersion = 10.0.40219.1
Project("{8BC9CEB8-8B4A-11D0-8D11-00A0C91BC942}") = "RotateArray", "RotateArray\RotateArray.vcxproj", "{7568C890-5B14-48AC-B167-C059C76D29AE}"
EndProject
Project("{8BC9CEB8-8B4A-11D0-8D11-00A0C91BC942}") = "CountingInversions", "CountingInversions\CountingInversions.vcxproj", "{7E29FA1C-32F7-4AFF-B92D-1DC9C3AD8567}"
EndProject
Project("{8BC9CEB8-8B4A-11D0-8D11-00A0C91BC942}") = "RotationCountInRotatedSortedArray", "RotationCountInRotatedSortedArray\RotationCountInRotatedSortedArray.vcxproj", "{9BC2F0F6-874F-4A00-ACB1-B4D28E59321B}"
EndProject
Project("{8BC9CEB8-8B4A-11D0-8D11-00A0C91BC942}") = "MinJumpToReachEnd", "MinJumpToReachEnd\MinJumpToReachEnd.vcxproj", "{8E52BAD3-3E85-4864-9D77-FC816DD3468B}"
EndProject
Project("{8BC9CEB8-8B4A-11D0-8D11-00A0C91BC942}") = "Leaders in an array", "Leaders in an array\Leaders in an array.vcxproj", "{B3C7A550-11CF-4070-8993-6B8DDC1FF509}"
EndProject
Project("{8BC9CEB8-8B4A-11D0-8D11-00A0C91BC942}") = "Two Sum", "Two Sum\Two Sum.vcxproj", "{DDC993D4-9E99-47AF-8D00-97780C5F31C9}"
EndProject
Project("{8BC9CEB8-8B4A-11D0-8D11-00A0C91BC942}") = "Majority Element", "Majority Element\Majority Element.vcxproj", "{55D07503-CEB8-4497-B318-B44608DB9536}"
EndProject
Project("{8BC9CEB8-8B4A-11D0-8D11-00A0C91BC942}") = "Number Occurring Odd Number of Times", "Number Occurring Odd Number of Times\Number Occurring Odd Number of Times.vcxproj", "{6E41F7F3-B4D9-40F4-83A5-7A635B34D8CA}"
EndProject
Project("{8BC9CEB8-8B4A-11D0-8D11-00A0C91BC942}") = "Largest Sum Contiguous Subarray", "Largest Sum Contiguous Subarray\Largest Sum Contiguous Subarray.vcxproj", "{CEE0A709-9DCB-4A67-B262-134A9BBF0BEA}"
EndProject
Project("{8BC9CEB8-8B4A-11D0-8D11-00A0C91BC942}") = "Find the Missing Number", "Find the Missing Number\Find the Missing Number.vcxproj", "{217E410C-9CBF-4BEE-A0B8-1D766F18C608}"
EndProject
Project("{8BC9CEB8-8B4A-11D0-8D11-00A0C91BC942}") = "Search an element in a sorted and rotated array", "Search an element in a sorted and rotated array\Search an element in a sorted and rotated array.vcxproj", "{7622F61F-6B90-43C0-96AE-4833A9CE902D}"
EndProject
Project("{8BC9CEB8-8B4A-11D0-8D11-00A0C91BC942}") = "Median of two sorted arrays", "Median of two sorted arrays\Median of two sorted arrays.vcxproj", "{D022685F-5DFC-494F-B0F2-12CCBD5B4D5D}"
EndProject
Project("{8BC9CEB8-8B4A-11D0-8D11-00A0C91BC942}") = "Maximum sum such that no two elements are adjacent", "Maximum sum such that no two elements are adjacent\Maximum sum such that no two elements are adjacent.vcxproj", "{8A63E81B-78B9-4CEC-A65A-B77D30766276}"
EndProject
Project("{8BC9CEB8-8B4A-11D0-8D11-00A0C91BC942}") = "Sort elements by frequency", "Sort elements by frequency\Sort elements by frequency.vcxproj", "{AFD11C75-67FD-42A8-891A-B3DADC272BD3}"
EndProject
Global
	GlobalSection(SolutionConfigurationPlatforms) = preSolution
		Debug|x64 = Debug|x64
		Debug|x86 = Debug|x86
		Release|x64 = Release|x64
		Release|x86 = Release|x86
	EndGlobalSection
	GlobalSection(ProjectConfigurationPlatforms) = postSolution
		{7568C890-5B14-48AC-B167-C059C76D29AE}.Debug|x64.ActiveCfg = Debug|x64
		{7568C890-5B14-48AC-B167-C059C76D29AE}.Debug|x64.Build.0 = Debug|x64
		{7568C890-5B14-48AC-B167-C059C76D29AE}.Debug|x86.ActiveCfg = Debug|Win32
		{7568C890-5B14-48AC-B167-C059C76D29AE}.Debug|x86.Build.0 = Debug|Win32
		{7568C890-5B14-48AC-B167-C059C76D29AE}.Release|x64.ActiveCfg = Release|x64
		{7568C890-5B14-48AC-B167-C059C76D29AE}.Release|x64.Build.0 = Release|x64
		{7568C890-5B14-48AC-B167-C059C76D29AE}.Release|x86.ActiveCfg = Release|Win32
		{7568C890-5B14-48AC-B167-C059C76D29AE}.Release|x86.Build.0 = Release|Win32
		{7E29FA1C-32F7-4AFF-B92D-1DC9C3AD8567}.Debug|x64.ActiveCfg = Debug|x64
		{7E29FA1C-32F7-4AFF-B92D-1DC9C3AD8567}.Debug|x64.Build.0 = Debug|x64
		{7E29FA1C-32F7-4AFF-B92D-1DC9C3AD8567}.Debug|x86.ActiveCfg = Debug|Win32
		{7E29FA1C-32F7-4AFF-B92D-1DC9C3AD8567}.Debug|x86.Build.0 = Debug|Win32
		{7E29FA1C-32F7-4AFF-B92D-1DC9C3AD8567}.Release|x64.ActiveCfg = Release|x64
		{7E29FA1C-32F7-4AFF-B92D-1DC9C3AD8567}.Release|x64.Build.0 = Release|x64
		{7E29FA1C-32F7-4AFF-B92D-1DC9C3AD8567}.Release|x86.ActiveCfg = Release|Win32
		{7E29FA1C-32F7-4AFF-B92D-1DC9C3AD8567}.Release|x86.Build.0 = Release|Win32
		{9BC2F0F6-874F-4A00-ACB1-B4D28E59321B}.Debug|x64.ActiveCfg = Debug|x64
		{9BC2F0F6-874F-4A00-ACB1-B4D28E59321B}.Debug|x64.Build.0 = Debug|x64
		{9BC2F0F6-874F-4A00-ACB1-B4D28E59321B}.Debug|x86.ActiveCfg = Debug|Win32
		{9BC2F0F6-874F-4A00-ACB1-B4D28E59321B}.Debug|x86.Build.0 = Debug|Win32
		{9BC2F0F6-874F-4A00-ACB1-B4D28E59321B}.Release|x64.ActiveCfg = Release|x64
		{9BC2F0F6-874F-4A00-ACB1-B4D28E59321B}.Release|x64.Build.0 = Release|x64
		{9BC2F0F6-874F-4A00-ACB1-B4D28E59321B}.Release|x86.ActiveCfg = Release|Win32
		{9BC2F0F6-874F-4A00-ACB1-B4D28E59321B}.Release|x86.Build.0 = Release|Win32
		{8E52BAD3-3E85-4864-9D77-FC816DD3468B}.Debug|x64.ActiveCfg = Debug|x64
		{8E52BAD3-3E85-4864-9D77-FC816DD3468B}.Debug|x64.Build.0 = Debug|x64
		{8E52BAD3-3E85-4864-9D77-FC816DD3468B}.Debug|x86.ActiveCfg = Debug|Win32
		{8E52BAD3-3E85-4864-9D77-FC816DD3468B}.Debug|x86.Build.0 = Debug|Win32
		{8E52BAD3-3E85-4864-9D77-FC816DD3468B}.Release|x64.ActiveCfg = Release|x64
		{8E52BAD3-3E85-4864-9D77-FC816DD3468B}.Release|x64.Build.0 = Release|x64
		{8E52BAD3-3E85-4864-9D77-FC816DD3468B}.Release|x86.ActiveCfg = Release|Win32
		{8E52BAD3-3E85-4864-9D77-FC816DD3468B}.Release|x86.Build.0 = Release|Win32
		{B3C7A550-11CF-4070-8993-6B8DDC1FF509}.Debug|x64.ActiveCfg = Debug|x64
		{B3C7A550-11CF-4070-8993-6B8DDC1FF509}.Debug|x64.Build.0 = Debug|x64
		{B3C7A550-11CF-4070-8993-6B8DDC1FF509}.Debug|x86.ActiveCfg = Debug|Win32
		{B3C7A550-11CF-4070-8993-6B8DDC1FF509}.Debug|x86.Build.0 = Debug|Win32
		{B3C7A550-11CF-4070-8993-6B8DDC1FF509}.Release|x64.ActiveCfg = Release|x64
		{B3C7A550-11CF-4070-8993-6B8DDC1FF509}.Release|x64.Build.0 = Release|x64
		{B3C7A550-11CF-4070-8993-6B8DDC1FF509}.Release|x86.ActiveCfg = Release|Win32
		{B3C7A550-11CF-4070-8993-6B8DDC1FF509}.Release|x86.Build.0 = Release|Win32
		{DDC993D4-9E99-47AF-8D00-97780C5F31C9}.Debug|x64.ActiveCfg = Debug|x64
		{DDC993D4-9E99-47AF-8D00-97780C5F31C9}.Debug|x64.Build.0 = Debug|x64
		{DDC993D4-9E99-47AF-8D00-97780C5F31C9}.Debug|x86.ActiveCfg = Debug|Win32
		{DDC993D4-9E99-47AF-8D00-97780C5F31C9}.Debug|x86.Build.0 = Debug|Win32
		{DDC993D4-9E99-47AF-8D00-97780C5F31C9}.Release|x64.ActiveCfg = Release|x64
		{DDC993D4-9E99-47AF-8D00-97780C5F31C9}.Release|x64.Build.0 = Release|x64
		{DDC993D4-9E99-47AF-8D00-97780C5F31C9}.Release|x86.ActiveCfg = Release|Win32
		{DDC993D4-9E99-47AF-8D00-97780C5F31C9}.Release|x86.Build.0 = Release|Win32
		{55D07503-CEB8-4497-B318-B44608DB9536}.Debug|x64.ActiveCfg = Debug|x64
		{55D07503-CEB8-4497-B318-B44608DB9536}.Debug|x64.Build.0 = Debug|x64
		{55D07503-CEB8-4497-B318-B44608DB9536}.Debug|x86.ActiveCfg = Debug|Win32
		{55D07503-CEB8-4497-B318-B44608DB9536}.Debug|x86.Build.0 = Debug|Win32
		{55D07503-CEB8-4497-B318-B44608DB9536}.Release|x64.ActiveCfg = Release|x64
		{55D07503-CEB8-4497-B318-B44608DB9536}.Release|x64.Build.0 = Release|x64
		{55D07503-CEB8-4497-B318-B44608DB9536}.Release|x86.ActiveCfg = Release|Win32
		{55D07503-CEB8-4497-B318-B44608DB9536}.Release|x86.Build.0 = Release|Win32
		{6E41F7F3-B4D9-40F4-83A5-7A635B34D8CA}.Debug|x64.ActiveCfg = Debug|x64
		{6E41F7F3-B4D9-40F4-83A5-7A635B34D8CA}.Debug|x64.Build.0 = Debug|x64
		{6E41F7F3-B4D9-40F4-83A5-7A635B34D8CA}.Debug|x86.ActiveCfg = Debug|Win32
		{6E41F7F3-B4D9-40F4-83A5-7A635B34D8CA}.Debug|x86.Build.0 = Debug|Win32
		{6E41F7F3-B4D9-40F4-83A5-7A635B34D8CA}.Release|x64.ActiveCfg = Release|x64
		{6E41F7F3-B4D9-40F4-83A5-7A635B34D8CA}.Release|x64.Build.0 = Release|x64
		{6E41F7F3-B4D9-40F4-83A5-7A635B34D8CA}.Release|x86.ActiveCfg = Release|Win32
		{6E41F7F3-B4D9-40F4-83A5-7A635B34D8CA}.Release|x86.Build.0 = Release|Win32
		{CEE0A709-9DCB-4A67-B262-134A9BBF0BEA}.Debug|x64.ActiveCfg = Debug|x64
		{CEE0A709-9DCB-4A67-B262-134A9BBF0BEA}.Debug|x64.Build.0 = Debug|x64
		{CEE0A709-9DCB-4A67-B262-134A9BBF0BEA}.Debug|x86.ActiveCfg = Debug|Win32
		{CEE0A709-9DCB-4A67-B262-134A9BBF0BEA}.Debug|x86.Build.0 = Debug|Win32
		{CEE0A709-9DCB-4A67-B262-134A9BBF0BEA}.Release|x64.ActiveCfg = Release|x64
		{CEE0A709-9DCB-4A67-B262-134A9BBF0BEA}.Release|x64.Build.0 = Release|x64
		{CEE0A709-9DCB-4A67-B262-134A9BBF0BEA}.Release|x86.ActiveCfg = Release|Win32
		{CEE0A709-9DCB-4A67-B262-134A9BBF0BEA}.Release|x86.Build.0 = Release|Win32
		{217E410C-9CBF-4BEE-A0B8-1D766F18C608}.Debug|x64.ActiveCfg = Debug|x64
		{217E410C-9CBF-4BEE-A0B8-1D766F18C608}.Debug|x64.Build.0 = Debug|x64
		{217E410C-9CBF-4BEE-A0B8-1D766F18C608}.Debug|x86.ActiveCfg = Debug|Win32
		{217E410C-9CBF-4BEE-A0B8-1D766F18C608}.Debug|x86.Build.0 = Debug|Win32
		{217E410C-9CBF-4BEE-A0B8-1D766F18C608}.Release|x64.ActiveCfg = Release|x64
		{217E410C-9CBF-4BEE-A0B8-1D766F18C608}.Release|x64.Build.0 = Release|x64
		{217E410C-9CBF-4BEE-A0B8-1D766F18C608}.Release|x86.ActiveCfg = Release|Win32
		{217E410C-9CBF-4BEE-A0B8-1D766F18C608}.Release|x86.Build.0 = Release|Win32
		{7622F61F-6B90-43C0-96AE-4833A9CE902D}.Debug|x64.ActiveCfg = Debug|x64
		{7622F61F-6B90-43C0-96AE-4833A9CE902D}.Debug|x64.Build.0 = Debug|x64
		{7622F61F-6B90-43C0-96AE-4833A9CE902D}.Debug|x86.ActiveCfg = Debug|Win32
		{7622F61F-6B90-43C0-96AE-4833A9CE902D}.Debug|x86.Build.0 = Debug|Win32
		{7622F61F-6B90-43C0-96AE-4833A9CE902D}.Release|x64.ActiveCfg = Release|x64
		{7622F61F-6B90-43C0-96AE-4833A9CE902D}.Release|x64.Build.0 = Release|x64
		{7622F61F-6B90-43C0-96AE-4833A9CE902D}.Release|x86.ActiveCfg = Release|Win32
		{7622F61F-6B90-43C0-96AE-4833A9CE902D}.Release|x86.Build.0 = Release|Win32
		{D022685F-5DFC-494F-B0F2-12CCBD5B4D5D}.Debug|x64.ActiveCfg = Debug|x64
		{D022685F-5DFC-494F-B0F2-12CCBD5B4D5D}.Debug|x64.Build.0 = Debug|x64
		{D022685F-5DFC-494F-B0F2-12CCBD5B4D5D}.Debug|x86.ActiveCfg = Debug|Win32
		{D022685F-5DFC-494F-B0F2-12CCBD5B4D5D}.Debug|x86.Build.0 = Debug|Win32
		{D022685F-5DFC-494F-B0F2-12CCBD5B4D5D}.Release|x64.ActiveCfg = Release|x64
		{D022685F-5DFC-494F-B0F2-12CCBD5B4D5D}.Release|x64.Build.0 = Release|x64
		{D022685F-5DFC-494F-B0F2-12CCBD5B4D5D}.Release|x86.ActiveCfg = Release|Win32
		{D022685F-5DFC-494F-B0F2-12CCBD5B4D5D}.Release|x86.Build.0 = Release|Win32
		{8A63E81B-78B9-4CEC-A65A-B77D30766276}.Debug|x64.ActiveCfg = Debug|x64
		{8A63E81B-78B9-4CEC-A65A-B77D30766276}.Debug|x64.Build.0 = Debug|x64
		{8A63E81B-78B9-4CEC-A65A-B77D30766276}.Debug|x86.ActiveCfg = Debug|Win32
		{8A63E81B-78B9-4CEC-A65A-B77D30766276}.Debug|x86.Build.0 = Debug|Win32
		{8A63E81B-78B9-4CEC-A65A-B77D30766276}.Release|x64.ActiveCfg = Release|x64
		{8A63E81B-78B9-4CEC-A65A-B77D30766276}.Release|x64.Build.0 = Release|x64
		{8A63E81B-78B9-4CEC-A65A-B77D30766276}.Release|x86.ActiveCfg = Release|Win32
		{8A63E81B-78B9-4CEC-A65A-B77D30766276}.Release|x86.Build.0 = Release|Win32
		{AFD11C75-67FD-42A8-891A-B3DADC272BD3}.Debug|x64.ActiveCfg = Debug|x64
		{AFD11C75-67FD-42A8-891A-B3DADC272BD3}.Debug|x64.Build.0 = Debug|x64
		{AFD11C75-67FD-42A8-891A-B3DADC272BD3}.Debug|x86.ActiveCfg = Debug|Win32
		{AFD11C75-67FD-42A8-891A-B3DADC272BD3}.Debug|x86.Build.0 = Debug|Win32
		{AFD11C75-67FD-42A8-891A-B3DADC272BD3}.Release|x64.ActiveCfg = Release|x64
		{AFD11C75-67FD-42A8-891A-B3DADC272BD3}.Release|x64.Build.0 = Release|x64
		{AFD11C75-67FD-42A8-891A-B3DADC272BD3}.Release|x86.ActiveCfg = Release|Win32
		{AFD11C75-67FD-42A8-891A-B3DADC272BD3}.Release|x86.Build.0 = Release|Win32
	EndGlobalSection
	GlobalSection(SolutionProperties) = preSolution
		HideSolutionNode = FALSE
	EndGlobalSection
	GlobalSection(ExtensibilityGlobals) = postSolution
		SolutionGuid = {26A7938A-41C1-4F34-8028-B5201FE8DC1A}
	EndGlobalSection
EndGlobal
