
Microsoft Visual Studio Solution File, Format Version 12.00
# Visual Studio Version 16
VisualStudioVersion = 16.0.31402.337
MinimumVisualStudioVersion = 10.0.40219.1
Project("{8BC9CEB8-8B4A-11D0-8D11-00A0C91BC942}") = "Insertion of a key in BST", "Insertion of a key in BST\Insertion of a key in BST.vcxproj", "{CA2D4DDE-BEE7-415E-82D3-3F32D50B11BD}"
EndProject
Project("{8BC9CEB8-8B4A-11D0-8D11-00A0C91BC942}") = "Searching a key in BST", "Searching a key in BST\Searching a key in BST.vcxproj", "{05DFDFF5-EC96-4AF7-AE25-C6C01CA91497}"
EndProject
Project("{8BC9CEB8-8B4A-11D0-8D11-00A0C91BC942}") = "Deletion from BST", "Deletion from BST\Deletion from BST.vcxproj", "{A1CD81AD-B7D8-497C-AE93-01871EE2BBA4}"
EndProject
Project("{8BC9CEB8-8B4A-11D0-8D11-00A0C91BC942}") = "Node with minimum value in a BST", "Node with minimum value in a BST\Node with minimum value in a BST.vcxproj", "{D685DD50-CCC9-413D-9177-87E97EC8C45F}"
EndProject
Global
	GlobalSection(SolutionConfigurationPlatforms) = preSolution
		Debug|x64 = Debug|x64
		Debug|x86 = Debug|x86
		Release|x64 = Release|x64
		Release|x86 = Release|x86
	EndGlobalSection
	GlobalSection(ProjectConfigurationPlatforms) = postSolution
		{CA2D4DDE-BEE7-415E-82D3-3F32D50B11BD}.Debug|x64.ActiveCfg = Debug|x64
		{CA2D4DDE-BEE7-415E-82D3-3F32D50B11BD}.Debug|x64.Build.0 = Debug|x64
		{CA2D4DDE-BEE7-415E-82D3-3F32D50B11BD}.Debug|x86.ActiveCfg = Debug|Win32
		{CA2D4DDE-BEE7-415E-82D3-3F32D50B11BD}.Debug|x86.Build.0 = Debug|Win32
		{CA2D4DDE-BEE7-415E-82D3-3F32D50B11BD}.Release|x64.ActiveCfg = Release|x64
		{CA2D4DDE-BEE7-415E-82D3-3F32D50B11BD}.Release|x64.Build.0 = Release|x64
		{CA2D4DDE-BEE7-415E-82D3-3F32D50B11BD}.Release|x86.ActiveCfg = Release|Win32
		{CA2D4DDE-BEE7-415E-82D3-3F32D50B11BD}.Release|x86.Build.0 = Release|Win32
		{05DFDFF5-EC96-4AF7-AE25-C6C01CA91497}.Debug|x64.ActiveCfg = Debug|x64
		{05DFDFF5-EC96-4AF7-AE25-C6C01CA91497}.Debug|x64.Build.0 = Debug|x64
		{05DFDFF5-EC96-4AF7-AE25-C6C01CA91497}.Debug|x86.ActiveCfg = Debug|Win32
		{05DFDFF5-EC96-4AF7-AE25-C6C01CA91497}.Debug|x86.Build.0 = Debug|Win32
		{05DFDFF5-EC96-4AF7-AE25-C6C01CA91497}.Release|x64.ActiveCfg = Release|x64
		{05DFDFF5-EC96-4AF7-AE25-C6C01CA91497}.Release|x64.Build.0 = Release|x64
		{05DFDFF5-EC96-4AF7-AE25-C6C01CA91497}.Release|x86.ActiveCfg = Release|Win32
		{05DFDFF5-EC96-4AF7-AE25-C6C01CA91497}.Release|x86.Build.0 = Release|Win32
		{A1CD81AD-B7D8-497C-AE93-01871EE2BBA4}.Debug|x64.ActiveCfg = Debug|x64
		{A1CD81AD-B7D8-497C-AE93-01871EE2BBA4}.Debug|x64.Build.0 = Debug|x64
		{A1CD81AD-B7D8-497C-AE93-01871EE2BBA4}.Debug|x86.ActiveCfg = Debug|Win32
		{A1CD81AD-B7D8-497C-AE93-01871EE2BBA4}.Debug|x86.Build.0 = Debug|Win32
		{A1CD81AD-B7D8-497C-AE93-01871EE2BBA4}.Release|x64.ActiveCfg = Release|x64
		{A1CD81AD-B7D8-497C-AE93-01871EE2BBA4}.Release|x64.Build.0 = Release|x64
		{A1CD81AD-B7D8-497C-AE93-01871EE2BBA4}.Release|x86.ActiveCfg = Release|Win32
		{A1CD81AD-B7D8-497C-AE93-01871EE2BBA4}.Release|x86.Build.0 = Release|Win32
		{D685DD50-CCC9-413D-9177-87E97EC8C45F}.Debug|x64.ActiveCfg = Debug|x64
		{D685DD50-CCC9-413D-9177-87E97EC8C45F}.Debug|x64.Build.0 = Debug|x64
		{D685DD50-CCC9-413D-9177-87E97EC8C45F}.Debug|x86.ActiveCfg = Debug|Win32
		{D685DD50-CCC9-413D-9177-87E97EC8C45F}.Debug|x86.Build.0 = Debug|Win32
		{D685DD50-CCC9-413D-9177-87E97EC8C45F}.Release|x64.ActiveCfg = Release|x64
		{D685DD50-CCC9-413D-9177-87E97EC8C45F}.Release|x64.Build.0 = Release|x64
		{D685DD50-CCC9-413D-9177-87E97EC8C45F}.Release|x86.ActiveCfg = Release|Win32
		{D685DD50-CCC9-413D-9177-87E97EC8C45F}.Release|x86.Build.0 = Release|Win32
	EndGlobalSection
	GlobalSection(SolutionProperties) = preSolution
		HideSolutionNode = FALSE
	EndGlobalSection
	GlobalSection(ExtensibilityGlobals) = postSolution
		SolutionGuid = {D7F79B9A-16F0-4BF5-B25A-8A27C1799EA4}
	EndGlobalSection
EndGlobal
