
Microsoft Visual Studio Solution File, Format Version 12.00
# Visual Studio Version 16
VisualStudioVersion = 16.0.29613.14
MinimumVisualStudioVersion = 10.0.40219.1
Project("{8BC9CEB8-8B4A-11D0-8D11-00A0C91BC942}") = "Implementing Stack using Arrays", "Implementing Stack using Arrays\Implementing Stack using Arrays.vcxproj", "{66CF4587-7396-44A1-92A7-C1A741C649CC}"
EndProject
Project("{8BC9CEB8-8B4A-11D0-8D11-00A0C91BC942}") = "Implementing Stack using Linked List", "Implementing Stack using Linked List\Implementing Stack using Linked List.vcxproj", "{76F05CFD-ABC7-4A99-967A-C31D37D01DA3}"
EndProject
Project("{8BC9CEB8-8B4A-11D0-8D11-00A0C91BC942}") = "Infix to Postfix", "Infix to Postfix\Infix to Postfix.vcxproj", "{8AEB2696-8BDF-46D2-81E9-FA6A9819E5FD}"
EndProject
Project("{8BC9CEB8-8B4A-11D0-8D11-00A0C91BC942}") = "Evaluation of Postfix Expression", "Evaluation of Postfix Expression\Evaluation of Postfix Expression.vcxproj", "{3E330236-A772-47F7-8DE2-31EA228399A0}"
EndProject
Project("{8BC9CEB8-8B4A-11D0-8D11-00A0C91BC942}") = "Reverse a string using stack", "Reverse a string using stack\Reverse a string using stack.vcxproj", "{875D0CD5-9089-49BD-97B9-9A52489EA54D}"
EndProject
Project("{8BC9CEB8-8B4A-11D0-8D11-00A0C91BC942}") = "Implement two stacks in an array", "Implement two stacks in an array\Implement two stacks in an array.vcxproj", "{6D6F5459-2504-4204-9D22-C6857BDEDF4E}"
EndProject
Project("{8BC9CEB8-8B4A-11D0-8D11-00A0C91BC942}") = "Check for balanced parentheses in an expression", "Check for balanced parentheses in an expression\Check for balanced parentheses in an expression.vcxproj", "{FB092CCF-BA17-445C-834C-611711575CEB}"
EndProject
Project("{8BC9CEB8-8B4A-11D0-8D11-00A0C91BC942}") = "Next Greater Element", "Next Greater Element\Next Greater Element.vcxproj", "{935E64C0-C7CE-4942-B80D-7D0A38B1BCF7}"
EndProject
Project("{8BC9CEB8-8B4A-11D0-8D11-00A0C91BC942}") = "Next Greater Element In Same Order As Input", "Next Greater Element In Same Order As Input\Next Greater Element In Same Order As Input.vcxproj", "{7CDA7C5A-7213-494E-B88F-65D50B8C3F1E}"
EndProject
Global
	GlobalSection(SolutionConfigurationPlatforms) = preSolution
		Debug|x64 = Debug|x64
		Debug|x86 = Debug|x86
		Release|x64 = Release|x64
		Release|x86 = Release|x86
	EndGlobalSection
	GlobalSection(ProjectConfigurationPlatforms) = postSolution
		{66CF4587-7396-44A1-92A7-C1A741C649CC}.Debug|x64.ActiveCfg = Debug|x64
		{66CF4587-7396-44A1-92A7-C1A741C649CC}.Debug|x64.Build.0 = Debug|x64
		{66CF4587-7396-44A1-92A7-C1A741C649CC}.Debug|x86.ActiveCfg = Debug|Win32
		{66CF4587-7396-44A1-92A7-C1A741C649CC}.Debug|x86.Build.0 = Debug|Win32
		{66CF4587-7396-44A1-92A7-C1A741C649CC}.Release|x64.ActiveCfg = Release|x64
		{66CF4587-7396-44A1-92A7-C1A741C649CC}.Release|x64.Build.0 = Release|x64
		{66CF4587-7396-44A1-92A7-C1A741C649CC}.Release|x86.ActiveCfg = Release|Win32
		{66CF4587-7396-44A1-92A7-C1A741C649CC}.Release|x86.Build.0 = Release|Win32
		{76F05CFD-ABC7-4A99-967A-C31D37D01DA3}.Debug|x64.ActiveCfg = Debug|x64
		{76F05CFD-ABC7-4A99-967A-C31D37D01DA3}.Debug|x64.Build.0 = Debug|x64
		{76F05CFD-ABC7-4A99-967A-C31D37D01DA3}.Debug|x86.ActiveCfg = Debug|Win32
		{76F05CFD-ABC7-4A99-967A-C31D37D01DA3}.Debug|x86.Build.0 = Debug|Win32
		{76F05CFD-ABC7-4A99-967A-C31D37D01DA3}.Release|x64.ActiveCfg = Release|x64
		{76F05CFD-ABC7-4A99-967A-C31D37D01DA3}.Release|x64.Build.0 = Release|x64
		{76F05CFD-ABC7-4A99-967A-C31D37D01DA3}.Release|x86.ActiveCfg = Release|Win32
		{76F05CFD-ABC7-4A99-967A-C31D37D01DA3}.Release|x86.Build.0 = Release|Win32
		{8AEB2696-8BDF-46D2-81E9-FA6A9819E5FD}.Debug|x64.ActiveCfg = Debug|x64
		{8AEB2696-8BDF-46D2-81E9-FA6A9819E5FD}.Debug|x64.Build.0 = Debug|x64
		{8AEB2696-8BDF-46D2-81E9-FA6A9819E5FD}.Debug|x86.ActiveCfg = Debug|Win32
		{8AEB2696-8BDF-46D2-81E9-FA6A9819E5FD}.Debug|x86.Build.0 = Debug|Win32
		{8AEB2696-8BDF-46D2-81E9-FA6A9819E5FD}.Release|x64.ActiveCfg = Release|x64
		{8AEB2696-8BDF-46D2-81E9-FA6A9819E5FD}.Release|x64.Build.0 = Release|x64
		{8AEB2696-8BDF-46D2-81E9-FA6A9819E5FD}.Release|x86.ActiveCfg = Release|Win32
		{8AEB2696-8BDF-46D2-81E9-FA6A9819E5FD}.Release|x86.Build.0 = Release|Win32
		{3E330236-A772-47F7-8DE2-31EA228399A0}.Debug|x64.ActiveCfg = Debug|x64
		{3E330236-A772-47F7-8DE2-31EA228399A0}.Debug|x64.Build.0 = Debug|x64
		{3E330236-A772-47F7-8DE2-31EA228399A0}.Debug|x86.ActiveCfg = Debug|Win32
		{3E330236-A772-47F7-8DE2-31EA228399A0}.Debug|x86.Build.0 = Debug|Win32
		{3E330236-A772-47F7-8DE2-31EA228399A0}.Release|x64.ActiveCfg = Release|x64
		{3E330236-A772-47F7-8DE2-31EA228399A0}.Release|x64.Build.0 = Release|x64
		{3E330236-A772-47F7-8DE2-31EA228399A0}.Release|x86.ActiveCfg = Release|Win32
		{3E330236-A772-47F7-8DE2-31EA228399A0}.Release|x86.Build.0 = Release|Win32
		{875D0CD5-9089-49BD-97B9-9A52489EA54D}.Debug|x64.ActiveCfg = Debug|x64
		{875D0CD5-9089-49BD-97B9-9A52489EA54D}.Debug|x64.Build.0 = Debug|x64
		{875D0CD5-9089-49BD-97B9-9A52489EA54D}.Debug|x86.ActiveCfg = Debug|Win32
		{875D0CD5-9089-49BD-97B9-9A52489EA54D}.Debug|x86.Build.0 = Debug|Win32
		{875D0CD5-9089-49BD-97B9-9A52489EA54D}.Release|x64.ActiveCfg = Release|x64
		{875D0CD5-9089-49BD-97B9-9A52489EA54D}.Release|x64.Build.0 = Release|x64
		{875D0CD5-9089-49BD-97B9-9A52489EA54D}.Release|x86.ActiveCfg = Release|Win32
		{875D0CD5-9089-49BD-97B9-9A52489EA54D}.Release|x86.Build.0 = Release|Win32
		{6D6F5459-2504-4204-9D22-C6857BDEDF4E}.Debug|x64.ActiveCfg = Debug|x64
		{6D6F5459-2504-4204-9D22-C6857BDEDF4E}.Debug|x64.Build.0 = Debug|x64
		{6D6F5459-2504-4204-9D22-C6857BDEDF4E}.Debug|x86.ActiveCfg = Debug|Win32
		{6D6F5459-2504-4204-9D22-C6857BDEDF4E}.Debug|x86.Build.0 = Debug|Win32
		{6D6F5459-2504-4204-9D22-C6857BDEDF4E}.Release|x64.ActiveCfg = Release|x64
		{6D6F5459-2504-4204-9D22-C6857BDEDF4E}.Release|x64.Build.0 = Release|x64
		{6D6F5459-2504-4204-9D22-C6857BDEDF4E}.Release|x86.ActiveCfg = Release|Win32
		{6D6F5459-2504-4204-9D22-C6857BDEDF4E}.Release|x86.Build.0 = Release|Win32
		{FB092CCF-BA17-445C-834C-611711575CEB}.Debug|x64.ActiveCfg = Debug|x64
		{FB092CCF-BA17-445C-834C-611711575CEB}.Debug|x64.Build.0 = Debug|x64
		{FB092CCF-BA17-445C-834C-611711575CEB}.Debug|x86.ActiveCfg = Debug|Win32
		{FB092CCF-BA17-445C-834C-611711575CEB}.Debug|x86.Build.0 = Debug|Win32
		{FB092CCF-BA17-445C-834C-611711575CEB}.Release|x64.ActiveCfg = Release|x64
		{FB092CCF-BA17-445C-834C-611711575CEB}.Release|x64.Build.0 = Release|x64
		{FB092CCF-BA17-445C-834C-611711575CEB}.Release|x86.ActiveCfg = Release|Win32
		{FB092CCF-BA17-445C-834C-611711575CEB}.Release|x86.Build.0 = Release|Win32
		{935E64C0-C7CE-4942-B80D-7D0A38B1BCF7}.Debug|x64.ActiveCfg = Debug|x64
		{935E64C0-C7CE-4942-B80D-7D0A38B1BCF7}.Debug|x64.Build.0 = Debug|x64
		{935E64C0-C7CE-4942-B80D-7D0A38B1BCF7}.Debug|x86.ActiveCfg = Debug|Win32
		{935E64C0-C7CE-4942-B80D-7D0A38B1BCF7}.Debug|x86.Build.0 = Debug|Win32
		{935E64C0-C7CE-4942-B80D-7D0A38B1BCF7}.Release|x64.ActiveCfg = Release|x64
		{935E64C0-C7CE-4942-B80D-7D0A38B1BCF7}.Release|x64.Build.0 = Release|x64
		{935E64C0-C7CE-4942-B80D-7D0A38B1BCF7}.Release|x86.ActiveCfg = Release|Win32
		{935E64C0-C7CE-4942-B80D-7D0A38B1BCF7}.Release|x86.Build.0 = Release|Win32
		{7CDA7C5A-7213-494E-B88F-65D50B8C3F1E}.Debug|x64.ActiveCfg = Debug|x64
		{7CDA7C5A-7213-494E-B88F-65D50B8C3F1E}.Debug|x64.Build.0 = Debug|x64
		{7CDA7C5A-7213-494E-B88F-65D50B8C3F1E}.Debug|x86.ActiveCfg = Debug|Win32
		{7CDA7C5A-7213-494E-B88F-65D50B8C3F1E}.Debug|x86.Build.0 = Debug|Win32
		{7CDA7C5A-7213-494E-B88F-65D50B8C3F1E}.Release|x64.ActiveCfg = Release|x64
		{7CDA7C5A-7213-494E-B88F-65D50B8C3F1E}.Release|x64.Build.0 = Release|x64
		{7CDA7C5A-7213-494E-B88F-65D50B8C3F1E}.Release|x86.ActiveCfg = Release|Win32
		{7CDA7C5A-7213-494E-B88F-65D50B8C3F1E}.Release|x86.Build.0 = Release|Win32
	EndGlobalSection
	GlobalSection(SolutionProperties) = preSolution
		HideSolutionNode = FALSE
	EndGlobalSection
	GlobalSection(ExtensibilityGlobals) = postSolution
		SolutionGuid = {4861A381-3A20-4178-A551-5870257E307B}
	EndGlobalSection
EndGlobal
