
Microsoft Visual Studio Solution File, Format Version 12.00
# Visual Studio Version 16
VisualStudioVersion = 16.0.31402.337
MinimumVisualStudioVersion = 10.0.40219.1
Project("{8BC9CEB8-8B4A-11D0-8D11-00A0C91BC942}") = "Double hashing", "Double hashing\Double hashing.vcxproj", "{30688174-7376-4273-BA35-A105F00D4BBD}"
EndProject
Project("{8BC9CEB8-8B4A-11D0-8D11-00A0C91BC942}") = "Print a Binary Tree in Vertical Order", "Print a Binary Tree in Vertical Order\Print a Binary Tree in Vertical Order.vcxproj", "{0C53A528-60F8-424E-9A9F-2649C14F8F9A}"
EndProject
Project("{8BC9CEB8-8B4A-11D0-8D11-00A0C91BC942}") = "Find whether an array is subset of another array", "Find whether an array is subset of another array\Find whether an array is subset of another array.vcxproj", "{8DD71849-276C-41E9-9BF0-8093830EF10D}"
EndProject
Project("{8BC9CEB8-8B4A-11D0-8D11-00A0C91BC942}") = "Union and Intersection of two Linked Lists", "Union and Intersection of two Linked Lists\Union and Intersection of two Linked Lists.vcxproj", "{EAFB03D0-F89E-42D3-8AF1-58E954A5F8DF}"
EndProject
Project("{8BC9CEB8-8B4A-11D0-8D11-00A0C91BC942}") = "Given a number x, check for a pair in an Array with sum as x", "Given a number x, check for a pair in an Array with sum as x\Given a number x, check for a pair in an Array with sum as x.vcxproj", "{5FDE250A-3157-45A9-9690-B87733A42971}"
EndProject
Project("{8BC9CEB8-8B4A-11D0-8D11-00A0C91BC942}") = "Check if array contains duplicate elements within k distance", "Check if array contains duplicate elements within k distance\Check if array contains duplicate elements within k distance.vcxproj", "{76ACD706-2532-4BCE-986C-EEF6C75097CC}"
EndProject
Project("{8BC9CEB8-8B4A-11D0-8D11-00A0C91BC942}") = "Find Itinerary from a given list of tickets", "Find Itinerary from a given list of tickets\Find Itinerary from a given list of tickets.vcxproj", "{C9984BA5-0552-45C2-8705-D5C5CFC04E31}"
EndProject
Global
	GlobalSection(SolutionConfigurationPlatforms) = preSolution
		Debug|x64 = Debug|x64
		Debug|x86 = Debug|x86
		Release|x64 = Release|x64
		Release|x86 = Release|x86
	EndGlobalSection
	GlobalSection(ProjectConfigurationPlatforms) = postSolution
		{30688174-7376-4273-BA35-A105F00D4BBD}.Debug|x64.ActiveCfg = Debug|x64
		{30688174-7376-4273-BA35-A105F00D4BBD}.Debug|x64.Build.0 = Debug|x64
		{30688174-7376-4273-BA35-A105F00D4BBD}.Debug|x86.ActiveCfg = Debug|Win32
		{30688174-7376-4273-BA35-A105F00D4BBD}.Debug|x86.Build.0 = Debug|Win32
		{30688174-7376-4273-BA35-A105F00D4BBD}.Release|x64.ActiveCfg = Release|x64
		{30688174-7376-4273-BA35-A105F00D4BBD}.Release|x64.Build.0 = Release|x64
		{30688174-7376-4273-BA35-A105F00D4BBD}.Release|x86.ActiveCfg = Release|Win32
		{30688174-7376-4273-BA35-A105F00D4BBD}.Release|x86.Build.0 = Release|Win32
		{0C53A528-60F8-424E-9A9F-2649C14F8F9A}.Debug|x64.ActiveCfg = Debug|x64
		{0C53A528-60F8-424E-9A9F-2649C14F8F9A}.Debug|x64.Build.0 = Debug|x64
		{0C53A528-60F8-424E-9A9F-2649C14F8F9A}.Debug|x86.ActiveCfg = Debug|Win32
		{0C53A528-60F8-424E-9A9F-2649C14F8F9A}.Debug|x86.Build.0 = Debug|Win32
		{0C53A528-60F8-424E-9A9F-2649C14F8F9A}.Release|x64.ActiveCfg = Release|x64
		{0C53A528-60F8-424E-9A9F-2649C14F8F9A}.Release|x64.Build.0 = Release|x64
		{0C53A528-60F8-424E-9A9F-2649C14F8F9A}.Release|x86.ActiveCfg = Release|Win32
		{0C53A528-60F8-424E-9A9F-2649C14F8F9A}.Release|x86.Build.0 = Release|Win32
		{8DD71849-276C-41E9-9BF0-8093830EF10D}.Debug|x64.ActiveCfg = Debug|x64
		{8DD71849-276C-41E9-9BF0-8093830EF10D}.Debug|x64.Build.0 = Debug|x64
		{8DD71849-276C-41E9-9BF0-8093830EF10D}.Debug|x86.ActiveCfg = Debug|Win32
		{8DD71849-276C-41E9-9BF0-8093830EF10D}.Debug|x86.Build.0 = Debug|Win32
		{8DD71849-276C-41E9-9BF0-8093830EF10D}.Release|x64.ActiveCfg = Release|x64
		{8DD71849-276C-41E9-9BF0-8093830EF10D}.Release|x64.Build.0 = Release|x64
		{8DD71849-276C-41E9-9BF0-8093830EF10D}.Release|x86.ActiveCfg = Release|Win32
		{8DD71849-276C-41E9-9BF0-8093830EF10D}.Release|x86.Build.0 = Release|Win32
		{EAFB03D0-F89E-42D3-8AF1-58E954A5F8DF}.Debug|x64.ActiveCfg = Debug|x64
		{EAFB03D0-F89E-42D3-8AF1-58E954A5F8DF}.Debug|x64.Build.0 = Debug|x64
		{EAFB03D0-F89E-42D3-8AF1-58E954A5F8DF}.Debug|x86.ActiveCfg = Debug|Win32
		{EAFB03D0-F89E-42D3-8AF1-58E954A5F8DF}.Debug|x86.Build.0 = Debug|Win32
		{EAFB03D0-F89E-42D3-8AF1-58E954A5F8DF}.Release|x64.ActiveCfg = Release|x64
		{EAFB03D0-F89E-42D3-8AF1-58E954A5F8DF}.Release|x64.Build.0 = Release|x64
		{EAFB03D0-F89E-42D3-8AF1-58E954A5F8DF}.Release|x86.ActiveCfg = Release|Win32
		{EAFB03D0-F89E-42D3-8AF1-58E954A5F8DF}.Release|x86.Build.0 = Release|Win32
		{5FDE250A-3157-45A9-9690-B87733A42971}.Debug|x64.ActiveCfg = Debug|x64
		{5FDE250A-3157-45A9-9690-B87733A42971}.Debug|x64.Build.0 = Debug|x64
		{5FDE250A-3157-45A9-9690-B87733A42971}.Debug|x86.ActiveCfg = Debug|Win32
		{5FDE250A-3157-45A9-9690-B87733A42971}.Debug|x86.Build.0 = Debug|Win32
		{5FDE250A-3157-45A9-9690-B87733A42971}.Release|x64.ActiveCfg = Release|x64
		{5FDE250A-3157-45A9-9690-B87733A42971}.Release|x64.Build.0 = Release|x64
		{5FDE250A-3157-45A9-9690-B87733A42971}.Release|x86.ActiveCfg = Release|Win32
		{5FDE250A-3157-45A9-9690-B87733A42971}.Release|x86.Build.0 = Release|Win32
		{76ACD706-2532-4BCE-986C-EEF6C75097CC}.Debug|x64.ActiveCfg = Debug|x64
		{76ACD706-2532-4BCE-986C-EEF6C75097CC}.Debug|x64.Build.0 = Debug|x64
		{76ACD706-2532-4BCE-986C-EEF6C75097CC}.Debug|x86.ActiveCfg = Debug|Win32
		{76ACD706-2532-4BCE-986C-EEF6C75097CC}.Debug|x86.Build.0 = Debug|Win32
		{76ACD706-2532-4BCE-986C-EEF6C75097CC}.Release|x64.ActiveCfg = Release|x64
		{76ACD706-2532-4BCE-986C-EEF6C75097CC}.Release|x64.Build.0 = Release|x64
		{76ACD706-2532-4BCE-986C-EEF6C75097CC}.Release|x86.ActiveCfg = Release|Win32
		{76ACD706-2532-4BCE-986C-EEF6C75097CC}.Release|x86.Build.0 = Release|Win32
		{C9984BA5-0552-45C2-8705-D5C5CFC04E31}.Debug|x64.ActiveCfg = Debug|x64
		{C9984BA5-0552-45C2-8705-D5C5CFC04E31}.Debug|x64.Build.0 = Debug|x64
		{C9984BA5-0552-45C2-8705-D5C5CFC04E31}.Debug|x86.ActiveCfg = Debug|Win32
		{C9984BA5-0552-45C2-8705-D5C5CFC04E31}.Debug|x86.Build.0 = Debug|Win32
		{C9984BA5-0552-45C2-8705-D5C5CFC04E31}.Release|x64.ActiveCfg = Release|x64
		{C9984BA5-0552-45C2-8705-D5C5CFC04E31}.Release|x64.Build.0 = Release|x64
		{C9984BA5-0552-45C2-8705-D5C5CFC04E31}.Release|x86.ActiveCfg = Release|Win32
		{C9984BA5-0552-45C2-8705-D5C5CFC04E31}.Release|x86.Build.0 = Release|Win32
	EndGlobalSection
	GlobalSection(SolutionProperties) = preSolution
		HideSolutionNode = FALSE
	EndGlobalSection
	GlobalSection(ExtensibilityGlobals) = postSolution
		SolutionGuid = {1FB16638-E89B-465E-A8E6-4BF36410B51C}
	EndGlobalSection
EndGlobal
