
Microsoft Visual Studio Solution File, Format Version 12.00
# Visual Studio Version 16
VisualStudioVersion = 16.0.29613.14
MinimumVisualStudioVersion = 10.0.40219.1
Project("{8BC9CEB8-8B4A-11D0-8D11-00A0C91BC942}") = "Implement Queue using Array", "Implement Queue using Array\Implement Queue using Array.vcxproj", "{9DDD6901-1B6E-407D-B4C8-5F5A5E2F13E2}"
EndProject
Project("{8BC9CEB8-8B4A-11D0-8D11-00A0C91BC942}") = "Implement Queue using Linked List", "Implement Queue using Linked List\Implement Queue using Linked List.vcxproj", "{62E1E22C-5C56-4FD0-ADF5-58C19103778F}"
EndProject
Project("{8BC9CEB8-8B4A-11D0-8D11-00A0C91BC942}") = "Implementation of Deque using circular array", "Implementation of Deque using circular array\Implementation of Deque using circular array.vcxproj", "{599913C0-616F-446C-A75F-AB327CB2933E}"
EndProject
Project("{8BC9CEB8-8B4A-11D0-8D11-00A0C91BC942}") = "Queue using Stacks", "Queue using Stacks\Queue using Stacks.vcxproj", "{B8346C56-33B0-44CE-8D67-C61E18EB1D6F}"
EndProject
Project("{8BC9CEB8-8B4A-11D0-8D11-00A0C91BC942}") = "Find the first circular tour that visits all petrol pumps", "Find the first circular tour that visits all petrol pumps\Find the first circular tour that visits all petrol pumps.vcxproj", "{95AE67DD-20F0-4507-B6A8-FB11911746A0}"
EndProject
Project("{8BC9CEB8-8B4A-11D0-8D11-00A0C91BC942}") = "Maximum of all subarrays of size k", "Maximum of all subarrays of size k\Maximum of all subarrays of size k.vcxproj", "{5ECAED16-416B-419B-90B3-000944E97D70}"
EndProject
Project("{8BC9CEB8-8B4A-11D0-8D11-00A0C91BC942}") = "Generate Binary Numbers from 1 to n", "Generate Binary Numbers from 1 to n\Generate Binary Numbers from 1 to n.vcxproj", "{CEA3D9C8-8664-4C80-ADCD-6F847612B5E9}"
EndProject
Global
	GlobalSection(SolutionConfigurationPlatforms) = preSolution
		Debug|x64 = Debug|x64
		Debug|x86 = Debug|x86
		Release|x64 = Release|x64
		Release|x86 = Release|x86
	EndGlobalSection
	GlobalSection(ProjectConfigurationPlatforms) = postSolution
		{9DDD6901-1B6E-407D-B4C8-5F5A5E2F13E2}.Debug|x64.ActiveCfg = Debug|x64
		{9DDD6901-1B6E-407D-B4C8-5F5A5E2F13E2}.Debug|x64.Build.0 = Debug|x64
		{9DDD6901-1B6E-407D-B4C8-5F5A5E2F13E2}.Debug|x86.ActiveCfg = Debug|Win32
		{9DDD6901-1B6E-407D-B4C8-5F5A5E2F13E2}.Debug|x86.Build.0 = Debug|Win32
		{9DDD6901-1B6E-407D-B4C8-5F5A5E2F13E2}.Release|x64.ActiveCfg = Release|x64
		{9DDD6901-1B6E-407D-B4C8-5F5A5E2F13E2}.Release|x64.Build.0 = Release|x64
		{9DDD6901-1B6E-407D-B4C8-5F5A5E2F13E2}.Release|x86.ActiveCfg = Release|Win32
		{9DDD6901-1B6E-407D-B4C8-5F5A5E2F13E2}.Release|x86.Build.0 = Release|Win32
		{62E1E22C-5C56-4FD0-ADF5-58C19103778F}.Debug|x64.ActiveCfg = Debug|x64
		{62E1E22C-5C56-4FD0-ADF5-58C19103778F}.Debug|x64.Build.0 = Debug|x64
		{62E1E22C-5C56-4FD0-ADF5-58C19103778F}.Debug|x86.ActiveCfg = Debug|Win32
		{62E1E22C-5C56-4FD0-ADF5-58C19103778F}.Debug|x86.Build.0 = Debug|Win32
		{62E1E22C-5C56-4FD0-ADF5-58C19103778F}.Release|x64.ActiveCfg = Release|x64
		{62E1E22C-5C56-4FD0-ADF5-58C19103778F}.Release|x64.Build.0 = Release|x64
		{62E1E22C-5C56-4FD0-ADF5-58C19103778F}.Release|x86.ActiveCfg = Release|Win32
		{62E1E22C-5C56-4FD0-ADF5-58C19103778F}.Release|x86.Build.0 = Release|Win32
		{599913C0-616F-446C-A75F-AB327CB2933E}.Debug|x64.ActiveCfg = Debug|x64
		{599913C0-616F-446C-A75F-AB327CB2933E}.Debug|x64.Build.0 = Debug|x64
		{599913C0-616F-446C-A75F-AB327CB2933E}.Debug|x86.ActiveCfg = Debug|Win32
		{599913C0-616F-446C-A75F-AB327CB2933E}.Debug|x86.Build.0 = Debug|Win32
		{599913C0-616F-446C-A75F-AB327CB2933E}.Release|x64.ActiveCfg = Release|x64
		{599913C0-616F-446C-A75F-AB327CB2933E}.Release|x64.Build.0 = Release|x64
		{599913C0-616F-446C-A75F-AB327CB2933E}.Release|x86.ActiveCfg = Release|Win32
		{599913C0-616F-446C-A75F-AB327CB2933E}.Release|x86.Build.0 = Release|Win32
		{B8346C56-33B0-44CE-8D67-C61E18EB1D6F}.Debug|x64.ActiveCfg = Debug|x64
		{B8346C56-33B0-44CE-8D67-C61E18EB1D6F}.Debug|x64.Build.0 = Debug|x64
		{B8346C56-33B0-44CE-8D67-C61E18EB1D6F}.Debug|x86.ActiveCfg = Debug|Win32
		{B8346C56-33B0-44CE-8D67-C61E18EB1D6F}.Debug|x86.Build.0 = Debug|Win32
		{B8346C56-33B0-44CE-8D67-C61E18EB1D6F}.Release|x64.ActiveCfg = Release|x64
		{B8346C56-33B0-44CE-8D67-C61E18EB1D6F}.Release|x64.Build.0 = Release|x64
		{B8346C56-33B0-44CE-8D67-C61E18EB1D6F}.Release|x86.ActiveCfg = Release|Win32
		{B8346C56-33B0-44CE-8D67-C61E18EB1D6F}.Release|x86.Build.0 = Release|Win32
		{95AE67DD-20F0-4507-B6A8-FB11911746A0}.Debug|x64.ActiveCfg = Debug|x64
		{95AE67DD-20F0-4507-B6A8-FB11911746A0}.Debug|x64.Build.0 = Debug|x64
		{95AE67DD-20F0-4507-B6A8-FB11911746A0}.Debug|x86.ActiveCfg = Debug|Win32
		{95AE67DD-20F0-4507-B6A8-FB11911746A0}.Debug|x86.Build.0 = Debug|Win32
		{95AE67DD-20F0-4507-B6A8-FB11911746A0}.Release|x64.ActiveCfg = Release|x64
		{95AE67DD-20F0-4507-B6A8-FB11911746A0}.Release|x64.Build.0 = Release|x64
		{95AE67DD-20F0-4507-B6A8-FB11911746A0}.Release|x86.ActiveCfg = Release|Win32
		{95AE67DD-20F0-4507-B6A8-FB11911746A0}.Release|x86.Build.0 = Release|Win32
		{5ECAED16-416B-419B-90B3-000944E97D70}.Debug|x64.ActiveCfg = Debug|x64
		{5ECAED16-416B-419B-90B3-000944E97D70}.Debug|x64.Build.0 = Debug|x64
		{5ECAED16-416B-419B-90B3-000944E97D70}.Debug|x86.ActiveCfg = Debug|Win32
		{5ECAED16-416B-419B-90B3-000944E97D70}.Debug|x86.Build.0 = Debug|Win32
		{5ECAED16-416B-419B-90B3-000944E97D70}.Release|x64.ActiveCfg = Release|x64
		{5ECAED16-416B-419B-90B3-000944E97D70}.Release|x64.Build.0 = Release|x64
		{5ECAED16-416B-419B-90B3-000944E97D70}.Release|x86.ActiveCfg = Release|Win32
		{5ECAED16-416B-419B-90B3-000944E97D70}.Release|x86.Build.0 = Release|Win32
		{CEA3D9C8-8664-4C80-ADCD-6F847612B5E9}.Debug|x64.ActiveCfg = Debug|x64
		{CEA3D9C8-8664-4C80-ADCD-6F847612B5E9}.Debug|x64.Build.0 = Debug|x64
		{CEA3D9C8-8664-4C80-ADCD-6F847612B5E9}.Debug|x86.ActiveCfg = Debug|Win32
		{CEA3D9C8-8664-4C80-ADCD-6F847612B5E9}.Debug|x86.Build.0 = Debug|Win32
		{CEA3D9C8-8664-4C80-ADCD-6F847612B5E9}.Release|x64.ActiveCfg = Release|x64
		{CEA3D9C8-8664-4C80-ADCD-6F847612B5E9}.Release|x64.Build.0 = Release|x64
		{CEA3D9C8-8664-4C80-ADCD-6F847612B5E9}.Release|x86.ActiveCfg = Release|Win32
		{CEA3D9C8-8664-4C80-ADCD-6F847612B5E9}.Release|x86.Build.0 = Release|Win32
	EndGlobalSection
	GlobalSection(SolutionProperties) = preSolution
		HideSolutionNode = FALSE
	EndGlobalSection
	GlobalSection(ExtensibilityGlobals) = postSolution
		SolutionGuid = {FC7A2D99-01D1-44BD-87D0-6D7DD65AD650}
	EndGlobalSection
EndGlobal
